// !$*UTF8*$!
{
	archiveVersion = 1;
	classes = {
	};
	objectVersion = 46;
	objects = {

/* Begin PBXBuildFile section */
		5756F2E04C56C1857922024C /* libPods.a in Frameworks */ = {isa = PBXBuildFile; fileRef = D45F144EA7FC0C69E98E14EF /* libPods.a */; };
		F75C59961A9D64B3006EC998 /* AddDreamVC.m in Sources */ = {isa = PBXBuildFile; fileRef = F75C59951A9D64B3006EC998 /* AddDreamVC.m */; };
		F75C59991A9D95F7006EC998 /* WhiteBlackTextFiled.m in Sources */ = {isa = PBXBuildFile; fileRef = F75C59981A9D95F7006EC998 /* WhiteBlackTextFiled.m */; };
		F76B08FC1ADDFE1900DED1D0 /* 兰亭黑 GBK.TTF in Resources */ = {isa = PBXBuildFile; fileRef = F76B08FB1ADDFE1900DED1D0 /* 兰亭黑 GBK.TTF */; };
		F79F809C1A7F443000FDA3F9 /* ProgressRectView.m in Sources */ = {isa = PBXBuildFile; fileRef = F79F809B1A7F443000FDA3F9 /* ProgressRectView.m */; };
		F7ACCF221A71EF3300ABAA69 /* HomeView.xib in Resources */ = {isa = PBXBuildFile; fileRef = F7ACCF211A71EF3300ABAA69 /* HomeView.xib */; };
		F7ACCF241A71FE7900ABAA69 /* QuartzCore.framework in Frameworks */ = {isa = PBXBuildFile; fileRef = F7ACCF231A71FE7900ABAA69 /* QuartzCore.framework */; };
		F7ACCF271A7241D100ABAA69 /* DreamTime.m in Sources */ = {isa = PBXBuildFile; fileRef = F7ACCF261A7241D100ABAA69 /* DreamTime.m */; };
		F7ACCF2A1A7243D600ABAA69 /* HomeControlVC.m in Sources */ = {isa = PBXBuildFile; fileRef = F7ACCF291A7243D600ABAA69 /* HomeControlVC.m */; };
		F7AEF8841AC24218000A9142 /* PublicStoryboard.storyboard in Resources */ = {isa = PBXBuildFile; fileRef = F7AEF8831AC24218000A9142 /* PublicStoryboard.storyboard */; };
		F7AEF88B1AC2427D000A9142 /* LoginVC.m in Sources */ = {isa = PBXBuildFile; fileRef = F7AEF8861AC2427D000A9142 /* LoginVC.m */; };
		F7AEF88C1AC2427D000A9142 /* MyWebView.m in Sources */ = {isa = PBXBuildFile; fileRef = F7AEF8881AC2427D000A9142 /* MyWebView.m */; };
		F7AEF88D1AC2427D000A9142 /* RegisterVC.m in Sources */ = {isa = PBXBuildFile; fileRef = F7AEF88A1AC2427D000A9142 /* RegisterVC.m */; };
		F7B1670D1AA188D0000B84D1 /* CustomModel.m in Sources */ = {isa = PBXBuildFile; fileRef = F7B1670C1AA188D0000B84D1 /* CustomModel.m */; };
		F7B167131AA1A6BE000B84D1 /* DayButton.m in Sources */ = {isa = PBXBuildFile; fileRef = F7B167121AA1A6BE000B84D1 /* DayButton.m */; };
		F7B1671B1AA1A9CE000B84D1 /* NSDate+Agenda.m in Sources */ = {isa = PBXBuildFile; fileRef = F7B167161AA1A9CE000B84D1 /* NSDate+Agenda.m */; };
		F7BDC40C1AA05D92008A1BD0 /* CalendarVC.storyboard in Resources */ = {isa = PBXBuildFile; fileRef = F7BDC40B1AA05D92008A1BD0 /* CalendarVC.storyboard */; };
		F7BDC40F1AA05DD8008A1BD0 /* CalendarVC.m in Sources */ = {isa = PBXBuildFile; fileRef = F7BDC40E1AA05DD8008A1BD0 /* CalendarVC.m */; };
		F7BDC4151AA068FA008A1BD0 /* CanlendarView.m in Sources */ = {isa = PBXBuildFile; fileRef = F7BDC4141AA068FA008A1BD0 /* CanlendarView.m */; };
		F7BF99441ABFAA780000B445 /* DoneShowView.m in Sources */ = {isa = PBXBuildFile; fileRef = F7BF99431ABFAA780000B445 /* DoneShowView.m */; };
		F7BF99471ABFE81C0000B445 /* ProgressLineView.m in Sources */ = {isa = PBXBuildFile; fileRef = F7BF99461ABFE81C0000B445 /* ProgressLineView.m */; };
		F7C987411A77195F001AE3DA /* ProgressCricleView.m in Sources */ = {isa = PBXBuildFile; fileRef = F7C987401A77195F001AE3DA /* ProgressCricleView.m */; };
		F7D09D081A6E4F3700332331 /* main.m in Sources */ = {isa = PBXBuildFile; fileRef = F7D09D071A6E4F3700332331 /* main.m */; };
		F7D09D0B1A6E4F3700332331 /* AppDelegate.m in Sources */ = {isa = PBXBuildFile; fileRef = F7D09D0A1A6E4F3700332331 /* AppDelegate.m */; };
		F7D09D111A6E4F3700332331 /* Main.storyboard in Resources */ = {isa = PBXBuildFile; fileRef = F7D09D0F1A6E4F3700332331 /* Main.storyboard */; };
		F7D09D131A6E4F3700332331 /* Images.xcassets in Resources */ = {isa = PBXBuildFile; fileRef = F7D09D121A6E4F3700332331 /* Images.xcassets */; };
		F7D09D161A6E4F3700332331 /* LaunchScreen.xib in Resources */ = {isa = PBXBuildFile; fileRef = F7D09D141A6E4F3700332331 /* LaunchScreen.xib */; };
		F7D09D221A6E4F3700332331 /* ZKLTests.m in Sources */ = {isa = PBXBuildFile; fileRef = F7D09D211A6E4F3700332331 /* ZKLTests.m */; };
		F7D09DC01A6E518100332331 /* FileManager.m in Sources */ = {isa = PBXBuildFile; fileRef = F7D09D2D1A6E518000332331 /* FileManager.m */; };
		F7D09DC11A6E518100332331 /* MyButton.m in Sources */ = {isa = PBXBuildFile; fileRef = F7D09D2F1A6E518000332331 /* MyButton.m */; };
		F7D09DC21A6E518100332331 /* MyNavigationController.m in Sources */ = {isa = PBXBuildFile; fileRef = F7D09D311A6E518000332331 /* MyNavigationController.m */; };
		F7D09DC31A6E518100332331 /* MyTabbarController.m in Sources */ = {isa = PBXBuildFile; fileRef = F7D09D331A6E518000332331 /* MyTabbarController.m */; };
		F7D09DC41A6E518100332331 /* MyTabBarItem.m in Sources */ = {isa = PBXBuildFile; fileRef = F7D09D351A6E518000332331 /* MyTabBarItem.m */; };
		F7D09DC51A6E518100332331 /* MyTextField.m in Sources */ = {isa = PBXBuildFile; fileRef = F7D09D371A6E518000332331 /* MyTextField.m */; };
		F7D09DC61A6E518100332331 /* NSDictionary+safeObjectForKey.m in Sources */ = {isa = PBXBuildFile; fileRef = F7D09D391A6E518000332331 /* NSDictionary+safeObjectForKey.m */; };
		F7D09DC71A6E518100332331 /* TimeLabel.m in Sources */ = {isa = PBXBuildFile; fileRef = F7D09D3C1A6E518000332331 /* TimeLabel.m */; };
		F7D09DC81A6E518100332331 /* UserInfo.m in Sources */ = {isa = PBXBuildFile; fileRef = F7D09D3E1A6E518000332331 /* UserInfo.m */; };
		F7D09DC91A6E518100332331 /* Utities.m in Sources */ = {isa = PBXBuildFile; fileRef = F7D09D401A6E518000332331 /* Utities.m */; };
		F7D09DCA1A6E518100332331 /* NSData+AES.m in Sources */ = {isa = PBXBuildFile; fileRef = F7D09D441A6E518000332331 /* NSData+AES.m */; };
		F7D09DCB1A6E518100332331 /* NSString+AES.m in Sources */ = {isa = PBXBuildFile; fileRef = F7D09D461A6E518000332331 /* NSString+AES.m */; };
		F7D09DE41A6E518100332331 /* JGProgressHUD.m in Sources */ = {isa = PBXBuildFile; fileRef = F7D09D7E1A6E518100332331 /* JGProgressHUD.m */; };
		F7D09DE51A6E518100332331 /* JGProgressHUDAnimation.m in Sources */ = {isa = PBXBuildFile; fileRef = F7D09D801A6E518100332331 /* JGProgressHUDAnimation.m */; };
		F7D09DE61A6E518100332331 /* JGProgressHUDFadeAnimation.m in Sources */ = {isa = PBXBuildFile; fileRef = F7D09D821A6E518100332331 /* JGProgressHUDFadeAnimation.m */; };
		F7D09DE71A6E518100332331 /* JGProgressHUDFadeZoomAnimation.m in Sources */ = {isa = PBXBuildFile; fileRef = F7D09D841A6E518100332331 /* JGProgressHUDFadeZoomAnimation.m */; };
		F7D09DE81A6E518100332331 /* JGProgressHUDIndeterminateIndicatorView.m in Sources */ = {isa = PBXBuildFile; fileRef = F7D09D861A6E518100332331 /* JGProgressHUDIndeterminateIndicatorView.m */; };
		F7D09DE91A6E518100332331 /* JGProgressHUDIndicatorView.m in Sources */ = {isa = PBXBuildFile; fileRef = F7D09D881A6E518100332331 /* JGProgressHUDIndicatorView.m */; };
		F7D09DEA1A6E518100332331 /* JGProgressHUDPieIndicatorView.m in Sources */ = {isa = PBXBuildFile; fileRef = F7D09D8A1A6E518100332331 /* JGProgressHUDPieIndicatorView.m */; };
		F7D09DEB1A6E518100332331 /* JGProgressHUDRingIndicatorView.m in Sources */ = {isa = PBXBuildFile; fileRef = F7D09D8C1A6E518100332331 /* JGProgressHUDRingIndicatorView.m */; };
		F7D09DEC1A6E518100332331 /* JHRefreshAmazingAniView.m in Sources */ = {isa = PBXBuildFile; fileRef = F7D09D901A6E518100332331 /* JHRefreshAmazingAniView.m */; };
		F7D09DED1A6E518100332331 /* JHRefreshAniBaseView.m in Sources */ = {isa = PBXBuildFile; fileRef = F7D09D921A6E518100332331 /* JHRefreshAniBaseView.m */; };
		F7D09DEE1A6E518100332331 /* JHRefreshCommonAniView.m in Sources */ = {isa = PBXBuildFile; fileRef = F7D09D941A6E518100332331 /* JHRefreshCommonAniView.m */; };
		F7D09DEF1A6E518100332331 /* JHRefresh.bundle in Resources */ = {isa = PBXBuildFile; fileRef = F7D09D951A6E518100332331 /* JHRefresh.bundle */; };
		F7D09DF01A6E518100332331 /* JHRefreshBaseView.m in Sources */ = {isa = PBXBuildFile; fileRef = F7D09D981A6E518100332331 /* JHRefreshBaseView.m */; };
		F7D09DF11A6E518100332331 /* JHRefreshConfig.m in Sources */ = {isa = PBXBuildFile; fileRef = F7D09D9A1A6E518100332331 /* JHRefreshConfig.m */; };
		F7D09DF21A6E518100332331 /* JHRefreshFooterView.m in Sources */ = {isa = PBXBuildFile; fileRef = F7D09D9C1A6E518100332331 /* JHRefreshFooterView.m */; };
		F7D09DF31A6E518100332331 /* JHRefreshHeaderView.m in Sources */ = {isa = PBXBuildFile; fileRef = F7D09D9E1A6E518100332331 /* JHRefreshHeaderView.m */; };
		F7D09DF41A6E518100332331 /* UIScrollView+JHExtension.m in Sources */ = {isa = PBXBuildFile; fileRef = F7D09DA21A6E518100332331 /* UIScrollView+JHExtension.m */; };
		F7D09DF51A6E518100332331 /* UIScrollView+JHRefresh.m in Sources */ = {isa = PBXBuildFile; fileRef = F7D09DA41A6E518100332331 /* UIScrollView+JHRefresh.m */; };
		F7D09DF61A6E518100332331 /* UIView+JHExtension.m in Sources */ = {isa = PBXBuildFile; fileRef = F7D09DA61A6E518100332331 /* UIView+JHExtension.m */; };
		F7D09DF71A6E518100332331 /* CycleScrollView.m in Sources */ = {isa = PBXBuildFile; fileRef = F7D09DA91A6E518100332331 /* CycleScrollView.m */; };
		F7D09DF81A6E518100332331 /* NSTimer+Addition.m in Sources */ = {isa = PBXBuildFile; fileRef = F7D09DAB1A6E518100332331 /* NSTimer+Addition.m */; };
		F7D09DFF1A6E518100332331 /* KDPreView.m in Sources */ = {isa = PBXBuildFile; fileRef = F7D09DBD1A6E518100332331 /* KDPreView.m */; };
		F7D09E021A6E53A400332331 /* libsqlite3.dylib in Frameworks */ = {isa = PBXBuildFile; fileRef = F7D09E011A6E53A400332331 /* libsqlite3.dylib */; };
		F7D09E051A6E542700332331 /* BaseViewController.m in Sources */ = {isa = PBXBuildFile; fileRef = F7D09E041A6E542700332331 /* BaseViewController.m */; };
		F7D09E081A6E57E300332331 /* MainViewController.m in Sources */ = {isa = PBXBuildFile; fileRef = F7D09E071A6E57E300332331 /* MainViewController.m */; };
		F7D164FC1AA00AF70085F73B /* EditTime.m in Sources */ = {isa = PBXBuildFile; fileRef = F7D164FB1AA00AF70085F73B /* EditTime.m */; };
		F7D164FE1AA00B1F0085F73B /* EditTime.xib in Resources */ = {isa = PBXBuildFile; fileRef = F7D164FD1AA00B1F0085F73B /* EditTime.xib */; };
		F7D165001AA019F20085F73B /* Default-568h@2x.png in Resources */ = {isa = PBXBuildFile; fileRef = F7D164FF1AA019F20085F73B /* Default-568h@2x.png */; };
		F7D33C941A70D88900A6487A /* PersonCenter.storyboard in Resources */ = {isa = PBXBuildFile; fileRef = F7D33C931A70D88900A6487A /* PersonCenter.storyboard */; };
		F7D33C961A70D8C700A6487A /* Club.storyboard in Resources */ = {isa = PBXBuildFile; fileRef = F7D33C951A70D8C700A6487A /* Club.storyboard */; };
		F7D33C981A70D8E400A6487A /* SelfControl.storyboard in Resources */ = {isa = PBXBuildFile; fileRef = F7D33C971A70D8E400A6487A /* SelfControl.storyboard */; };
		F7D33C9B1A70DF2A00A6487A /* HomeView.m in Sources */ = {isa = PBXBuildFile; fileRef = F7D33C9A1A70DF2A00A6487A /* HomeView.m */; };
		F7D4B8D71ACD300600AABB2F /* SQLManager.m in Sources */ = {isa = PBXBuildFile; fileRef = F7D4B8D61ACD300600AABB2F /* SQLManager.m */; };
		F7EBB4701ABBA59D00EFD10F /* RichStyleLabel.m in Sources */ = {isa = PBXBuildFile; fileRef = F7EBB46F1ABBA59D00EFD10F /* RichStyleLabel.m */; };
		F7EBB4741ABBB32700EFD10F /* HeaderCell.m in Sources */ = {isa = PBXBuildFile; fileRef = F7EBB4721ABBB32700EFD10F /* HeaderCell.m */; };
		F7EBB4751ABBB32700EFD10F /* HeaderCell.xib in Resources */ = {isa = PBXBuildFile; fileRef = F7EBB4731ABBB32700EFD10F /* HeaderCell.xib */; };
		F7EBB4781ABBBB9200EFD10F /* DoingVC.m in Sources */ = {isa = PBXBuildFile; fileRef = F7EBB4771ABBBB9200EFD10F /* DoingVC.m */; };
		F7EBB47B1ABBBB9F00EFD10F /* DoneVC.m in Sources */ = {isa = PBXBuildFile; fileRef = F7EBB47A1ABBBB9F00EFD10F /* DoneVC.m */; };
		F7EBB47E1ABBCF9D00EFD10F /* DoingShowView.m in Sources */ = {isa = PBXBuildFile; fileRef = F7EBB47D1ABBCF9D00EFD10F /* DoingShowView.m */; };
		F7EF35501A9EBDBE00FEE796 /* MyDreamModel.m in Sources */ = {isa = PBXBuildFile; fileRef = F7EF354F1A9EBDBE00FEE796 /* MyDreamModel.m */; };
		F7EF35531A9EC01A00FEE796 /* TextInHomeView.m in Sources */ = {isa = PBXBuildFile; fileRef = F7EF35521A9EC01A00FEE796 /* TextInHomeView.m */; };
		F7EF35561A9EC3B800FEE796 /* Mydate.m in Sources */ = {isa = PBXBuildFile; fileRef = F7EF35551A9EC3B800FEE796 /* Mydate.m */; };
		F7EF35591A9F066300FEE796 /* ImageButton.m in Sources */ = {isa = PBXBuildFile; fileRef = F7EF35581A9F066300FEE796 /* ImageButton.m */; };
		F7F02E3A1ABA620E0095EA2E /* ChartView.m in Sources */ = {isa = PBXBuildFile; fileRef = F7F02E391ABA620E0095EA2E /* ChartView.m */; };
		F7F02E3C1ABA631F0095EA2E /* ChartView.xib in Resources */ = {isa = PBXBuildFile; fileRef = F7F02E3B1ABA631F0095EA2E /* ChartView.xib */; };
		F7F02E431ABAB41C0095EA2E /* SettingVC.m in Sources */ = {isa = PBXBuildFile; fileRef = F7F02E421ABAB41C0095EA2E /* SettingVC.m */; };
		F925F4741AC3A14F0036CD7A /* MessageModel.m in Sources */ = {isa = PBXBuildFile; fileRef = F925F4731AC3A14F0036CD7A /* MessageModel.m */; };
		F925F47B1AC3AB890036CD7A /* PageModel.m in Sources */ = {isa = PBXBuildFile; fileRef = F925F47A1AC3AB890036CD7A /* PageModel.m */; };
		F96523E31ABFBB0F00AFDEEE /* PlanModel.m in Sources */ = {isa = PBXBuildFile; fileRef = F96523E21ABFBB0F00AFDEEE /* PlanModel.m */; };
		F9AC181A1AC940AB003A6A65 /* PerformModel.m in Sources */ = {isa = PBXBuildFile; fileRef = F9AC18191AC940AB003A6A65 /* PerformModel.m */; };
/* End PBXBuildFile section */

/* Begin PBXContainerItemProxy section */
		F7D09D1C1A6E4F3700332331 /* PBXContainerItemProxy */ = {
			isa = PBXContainerItemProxy;
			containerPortal = F7D09CFA1A6E4F3700332331 /* Project object */;
			proxyType = 1;
			remoteGlobalIDString = F7D09D011A6E4F3700332331;
			remoteInfo = ZKL;
		};
/* End PBXContainerItemProxy section */

/* Begin PBXFileReference section */
		173E3982BD6B614786560469 /* Pods.release.xcconfig */ = {isa = PBXFileReference; includeInIndex = 1; lastKnownFileType = text.xcconfig; name = Pods.release.xcconfig; path = "Pods/Target Support Files/Pods/Pods.release.xcconfig"; sourceTree = "<group>"; };
		C04D8267727ED642C92248FF /* Pods.debug.xcconfig */ = {isa = PBXFileReference; includeInIndex = 1; lastKnownFileType = text.xcconfig; name = Pods.debug.xcconfig; path = "Pods/Target Support Files/Pods/Pods.debug.xcconfig"; sourceTree = "<group>"; };
		D45F144EA7FC0C69E98E14EF /* libPods.a */ = {isa = PBXFileReference; explicitFileType = archive.ar; includeInIndex = 0; path = libPods.a; sourceTree = BUILT_PRODUCTS_DIR; };
		F75C59941A9D64B3006EC998 /* AddDreamVC.h */ = {isa = PBXFileReference; fileEncoding = 4; lastKnownFileType = sourcecode.c.h; path = AddDreamVC.h; sourceTree = "<group>"; };
		F75C59951A9D64B3006EC998 /* AddDreamVC.m */ = {isa = PBXFileReference; fileEncoding = 4; lastKnownFileType = sourcecode.c.objc; path = AddDreamVC.m; sourceTree = "<group>"; };
		F75C59971A9D95F7006EC998 /* WhiteBlackTextFiled.h */ = {isa = PBXFileReference; fileEncoding = 4; lastKnownFileType = sourcecode.c.h; path = WhiteBlackTextFiled.h; sourceTree = "<group>"; };
		F75C59981A9D95F7006EC998 /* WhiteBlackTextFiled.m */ = {isa = PBXFileReference; fileEncoding = 4; lastKnownFileType = sourcecode.c.objc; path = WhiteBlackTextFiled.m; sourceTree = "<group>"; };
		F76B08FB1ADDFE1900DED1D0 /* 兰亭黑 GBK.TTF */ = {isa = PBXFileReference; lastKnownFileType = file; path = "兰亭黑 GBK.TTF"; sourceTree = "<group>"; };
		F79F809A1A7F443000FDA3F9 /* ProgressRectView.h */ = {isa = PBXFileReference; fileEncoding = 4; lastKnownFileType = sourcecode.c.h; path = ProgressRectView.h; sourceTree = "<group>"; };
		F79F809B1A7F443000FDA3F9 /* ProgressRectView.m */ = {isa = PBXFileReference; fileEncoding = 4; lastKnownFileType = sourcecode.c.objc; path = ProgressRectView.m; sourceTree = "<group>"; };
		F7ACCF211A71EF3300ABAA69 /* HomeView.xib */ = {isa = PBXFileReference; fileEncoding = 4; lastKnownFileType = file.xib; path = HomeView.xib; sourceTree = "<group>"; };
		F7ACCF231A71FE7900ABAA69 /* QuartzCore.framework */ = {isa = PBXFileReference; lastKnownFileType = wrapper.framework; name = QuartzCore.framework; path = System/Library/Frameworks/QuartzCore.framework; sourceTree = SDKROOT; };
		F7ACCF251A7241D100ABAA69 /* DreamTime.h */ = {isa = PBXFileReference; fileEncoding = 4; lastKnownFileType = sourcecode.c.h; path = DreamTime.h; sourceTree = "<group>"; };
		F7ACCF261A7241D100ABAA69 /* DreamTime.m */ = {isa = PBXFileReference; fileEncoding = 4; lastKnownFileType = sourcecode.c.objc; path = DreamTime.m; sourceTree = "<group>"; };
		F7ACCF281A7243D600ABAA69 /* HomeControlVC.h */ = {isa = PBXFileReference; fileEncoding = 4; lastKnownFileType = sourcecode.c.h; path = HomeControlVC.h; sourceTree = "<group>"; };
		F7ACCF291A7243D600ABAA69 /* HomeControlVC.m */ = {isa = PBXFileReference; fileEncoding = 4; lastKnownFileType = sourcecode.c.objc; path = HomeControlVC.m; sourceTree = "<group>"; };
		F7AEF8831AC24218000A9142 /* PublicStoryboard.storyboard */ = {isa = PBXFileReference; fileEncoding = 4; lastKnownFileType = file.storyboard; path = PublicStoryboard.storyboard; sourceTree = "<group>"; };
		F7AEF8851AC2427D000A9142 /* LoginVC.h */ = {isa = PBXFileReference; fileEncoding = 4; lastKnownFileType = sourcecode.c.h; path = LoginVC.h; sourceTree = "<group>"; };
		F7AEF8861AC2427D000A9142 /* LoginVC.m */ = {isa = PBXFileReference; fileEncoding = 4; lastKnownFileType = sourcecode.c.objc; path = LoginVC.m; sourceTree = "<group>"; };
		F7AEF8871AC2427D000A9142 /* MyWebView.h */ = {isa = PBXFileReference; fileEncoding = 4; lastKnownFileType = sourcecode.c.h; path = MyWebView.h; sourceTree = "<group>"; };
		F7AEF8881AC2427D000A9142 /* MyWebView.m */ = {isa = PBXFileReference; fileEncoding = 4; lastKnownFileType = sourcecode.c.objc; path = MyWebView.m; sourceTree = "<group>"; };
		F7AEF8891AC2427D000A9142 /* RegisterVC.h */ = {isa = PBXFileReference; fileEncoding = 4; lastKnownFileType = sourcecode.c.h; path = RegisterVC.h; sourceTree = "<group>"; };
		F7AEF88A1AC2427D000A9142 /* RegisterVC.m */ = {isa = PBXFileReference; fileEncoding = 4; lastKnownFileType = sourcecode.c.objc; path = RegisterVC.m; sourceTree = "<group>"; };
		F7B1670B1AA188D0000B84D1 /* CustomModel.h */ = {isa = PBXFileReference; fileEncoding = 4; lastKnownFileType = sourcecode.c.h; path = CustomModel.h; sourceTree = "<group>"; };
		F7B1670C1AA188D0000B84D1 /* CustomModel.m */ = {isa = PBXFileReference; fileEncoding = 4; lastKnownFileType = sourcecode.c.objc; path = CustomModel.m; sourceTree = "<group>"; };
		F7B167111AA1A6BE000B84D1 /* DayButton.h */ = {isa = PBXFileReference; fileEncoding = 4; lastKnownFileType = sourcecode.c.h; path = DayButton.h; sourceTree = "<group>"; };
		F7B167121AA1A6BE000B84D1 /* DayButton.m */ = {isa = PBXFileReference; fileEncoding = 4; lastKnownFileType = sourcecode.c.objc; path = DayButton.m; sourceTree = "<group>"; };
		F7B167151AA1A9CE000B84D1 /* NSDate+Agenda.h */ = {isa = PBXFileReference; fileEncoding = 4; lastKnownFileType = sourcecode.c.h; path = "NSDate+Agenda.h"; sourceTree = "<group>"; };
		F7B167161AA1A9CE000B84D1 /* NSDate+Agenda.m */ = {isa = PBXFileReference; fileEncoding = 4; lastKnownFileType = sourcecode.c.objc; path = "NSDate+Agenda.m"; sourceTree = "<group>"; };
		F7BDC40B1AA05D92008A1BD0 /* CalendarVC.storyboard */ = {isa = PBXFileReference; fileEncoding = 4; lastKnownFileType = file.storyboard; path = CalendarVC.storyboard; sourceTree = "<group>"; };
		F7BDC40D1AA05DD8008A1BD0 /* CalendarVC.h */ = {isa = PBXFileReference; fileEncoding = 4; lastKnownFileType = sourcecode.c.h; path = CalendarVC.h; sourceTree = "<group>"; };
		F7BDC40E1AA05DD8008A1BD0 /* CalendarVC.m */ = {isa = PBXFileReference; fileEncoding = 4; lastKnownFileType = sourcecode.c.objc; path = CalendarVC.m; sourceTree = "<group>"; };
		F7BDC4131AA068FA008A1BD0 /* CanlendarView.h */ = {isa = PBXFileReference; fileEncoding = 4; lastKnownFileType = sourcecode.c.h; path = CanlendarView.h; sourceTree = "<group>"; };
		F7BDC4141AA068FA008A1BD0 /* CanlendarView.m */ = {isa = PBXFileReference; fileEncoding = 4; lastKnownFileType = sourcecode.c.objc; path = CanlendarView.m; sourceTree = "<group>"; };
		F7BF99421ABFAA780000B445 /* DoneShowView.h */ = {isa = PBXFileReference; fileEncoding = 4; lastKnownFileType = sourcecode.c.h; path = DoneShowView.h; sourceTree = "<group>"; };
		F7BF99431ABFAA780000B445 /* DoneShowView.m */ = {isa = PBXFileReference; fileEncoding = 4; lastKnownFileType = sourcecode.c.objc; path = DoneShowView.m; sourceTree = "<group>"; };
		F7BF99451ABFE81C0000B445 /* ProgressLineView.h */ = {isa = PBXFileReference; fileEncoding = 4; lastKnownFileType = sourcecode.c.h; path = ProgressLineView.h; sourceTree = "<group>"; };
		F7BF99461ABFE81C0000B445 /* ProgressLineView.m */ = {isa = PBXFileReference; fileEncoding = 4; lastKnownFileType = sourcecode.c.objc; path = ProgressLineView.m; sourceTree = "<group>"; };
		F7C9873F1A77195F001AE3DA /* ProgressCricleView.h */ = {isa = PBXFileReference; fileEncoding = 4; lastKnownFileType = sourcecode.c.h; path = ProgressCricleView.h; sourceTree = "<group>"; };
		F7C987401A77195F001AE3DA /* ProgressCricleView.m */ = {isa = PBXFileReference; fileEncoding = 4; lastKnownFileType = sourcecode.c.objc; path = ProgressCricleView.m; sourceTree = "<group>"; };
		F7D09D021A6E4F3700332331 /* ZKL.app */ = {isa = PBXFileReference; explicitFileType = wrapper.application; includeInIndex = 0; path = ZKL.app; sourceTree = BUILT_PRODUCTS_DIR; };
		F7D09D061A6E4F3700332331 /* Info.plist */ = {isa = PBXFileReference; lastKnownFileType = text.plist.xml; path = Info.plist; sourceTree = "<group>"; };
		F7D09D071A6E4F3700332331 /* main.m */ = {isa = PBXFileReference; lastKnownFileType = sourcecode.c.objc; path = main.m; sourceTree = "<group>"; };
		F7D09D091A6E4F3700332331 /* AppDelegate.h */ = {isa = PBXFileReference; lastKnownFileType = sourcecode.c.h; path = AppDelegate.h; sourceTree = "<group>"; };
		F7D09D0A1A6E4F3700332331 /* AppDelegate.m */ = {isa = PBXFileReference; lastKnownFileType = sourcecode.c.objc; path = AppDelegate.m; sourceTree = "<group>"; };
		F7D09D101A6E4F3700332331 /* Base */ = {isa = PBXFileReference; lastKnownFileType = file.storyboard; name = Base; path = Base.lproj/Main.storyboard; sourceTree = "<group>"; };
		F7D09D121A6E4F3700332331 /* Images.xcassets */ = {isa = PBXFileReference; lastKnownFileType = folder.assetcatalog; path = Images.xcassets; sourceTree = "<group>"; };
		F7D09D151A6E4F3700332331 /* Base */ = {isa = PBXFileReference; lastKnownFileType = file.xib; name = Base; path = Base.lproj/LaunchScreen.xib; sourceTree = "<group>"; };
		F7D09D1B1A6E4F3700332331 /* ZKLTests.xctest */ = {isa = PBXFileReference; explicitFileType = wrapper.cfbundle; includeInIndex = 0; path = ZKLTests.xctest; sourceTree = BUILT_PRODUCTS_DIR; };
		F7D09D201A6E4F3700332331 /* Info.plist */ = {isa = PBXFileReference; lastKnownFileType = text.plist.xml; path = Info.plist; sourceTree = "<group>"; };
		F7D09D211A6E4F3700332331 /* ZKLTests.m */ = {isa = PBXFileReference; lastKnownFileType = sourcecode.c.objc; path = ZKLTests.m; sourceTree = "<group>"; };
		F7D09D2C1A6E518000332331 /* FileManager.h */ = {isa = PBXFileReference; fileEncoding = 4; lastKnownFileType = sourcecode.c.h; path = FileManager.h; sourceTree = "<group>"; };
		F7D09D2D1A6E518000332331 /* FileManager.m */ = {isa = PBXFileReference; fileEncoding = 4; lastKnownFileType = sourcecode.c.objc; path = FileManager.m; sourceTree = "<group>"; };
		F7D09D2E1A6E518000332331 /* MyButton.h */ = {isa = PBXFileReference; fileEncoding = 4; lastKnownFileType = sourcecode.c.h; path = MyButton.h; sourceTree = "<group>"; };
		F7D09D2F1A6E518000332331 /* MyButton.m */ = {isa = PBXFileReference; fileEncoding = 4; lastKnownFileType = sourcecode.c.objc; path = MyButton.m; sourceTree = "<group>"; };
		F7D09D301A6E518000332331 /* MyNavigationController.h */ = {isa = PBXFileReference; fileEncoding = 4; lastKnownFileType = sourcecode.c.h; path = MyNavigationController.h; sourceTree = "<group>"; };
		F7D09D311A6E518000332331 /* MyNavigationController.m */ = {isa = PBXFileReference; fileEncoding = 4; lastKnownFileType = sourcecode.c.objc; path = MyNavigationController.m; sourceTree = "<group>"; };
		F7D09D321A6E518000332331 /* MyTabbarController.h */ = {isa = PBXFileReference; fileEncoding = 4; lastKnownFileType = sourcecode.c.h; path = MyTabbarController.h; sourceTree = "<group>"; };
		F7D09D331A6E518000332331 /* MyTabbarController.m */ = {isa = PBXFileReference; fileEncoding = 4; lastKnownFileType = sourcecode.c.objc; path = MyTabbarController.m; sourceTree = "<group>"; };
		F7D09D341A6E518000332331 /* MyTabBarItem.h */ = {isa = PBXFileReference; fileEncoding = 4; lastKnownFileType = sourcecode.c.h; path = MyTabBarItem.h; sourceTree = "<group>"; };
		F7D09D351A6E518000332331 /* MyTabBarItem.m */ = {isa = PBXFileReference; fileEncoding = 4; lastKnownFileType = sourcecode.c.objc; path = MyTabBarItem.m; sourceTree = "<group>"; };
		F7D09D361A6E518000332331 /* MyTextField.h */ = {isa = PBXFileReference; fileEncoding = 4; lastKnownFileType = sourcecode.c.h; path = MyTextField.h; sourceTree = "<group>"; };
		F7D09D371A6E518000332331 /* MyTextField.m */ = {isa = PBXFileReference; fileEncoding = 4; lastKnownFileType = sourcecode.c.objc; path = MyTextField.m; sourceTree = "<group>"; };
		F7D09D381A6E518000332331 /* NSDictionary+safeObjectForKey.h */ = {isa = PBXFileReference; fileEncoding = 4; lastKnownFileType = sourcecode.c.h; path = "NSDictionary+safeObjectForKey.h"; sourceTree = "<group>"; };
		F7D09D391A6E518000332331 /* NSDictionary+safeObjectForKey.m */ = {isa = PBXFileReference; fileEncoding = 4; lastKnownFileType = sourcecode.c.objc; path = "NSDictionary+safeObjectForKey.m"; sourceTree = "<group>"; };
		F7D09D3A1A6E518000332331 /* PublicDefine.h */ = {isa = PBXFileReference; fileEncoding = 4; lastKnownFileType = sourcecode.c.h; path = PublicDefine.h; sourceTree = "<group>"; };
		F7D09D3B1A6E518000332331 /* TimeLabel.h */ = {isa = PBXFileReference; fileEncoding = 4; lastKnownFileType = sourcecode.c.h; path = TimeLabel.h; sourceTree = "<group>"; };
		F7D09D3C1A6E518000332331 /* TimeLabel.m */ = {isa = PBXFileReference; fileEncoding = 4; lastKnownFileType = sourcecode.c.objc; path = TimeLabel.m; sourceTree = "<group>"; };
		F7D09D3D1A6E518000332331 /* UserInfo.h */ = {isa = PBXFileReference; fileEncoding = 4; lastKnownFileType = sourcecode.c.h; path = UserInfo.h; sourceTree = "<group>"; };
		F7D09D3E1A6E518000332331 /* UserInfo.m */ = {isa = PBXFileReference; fileEncoding = 4; lastKnownFileType = sourcecode.c.objc; path = UserInfo.m; sourceTree = "<group>"; };
		F7D09D3F1A6E518000332331 /* Utities.h */ = {isa = PBXFileReference; fileEncoding = 4; lastKnownFileType = sourcecode.c.h; path = Utities.h; sourceTree = "<group>"; };
		F7D09D401A6E518000332331 /* Utities.m */ = {isa = PBXFileReference; fileEncoding = 4; lastKnownFileType = sourcecode.c.objc; path = Utities.m; sourceTree = "<group>"; };
		F7D09D431A6E518000332331 /* NSData+AES.h */ = {isa = PBXFileReference; fileEncoding = 4; lastKnownFileType = sourcecode.c.h; path = "NSData+AES.h"; sourceTree = "<group>"; };
		F7D09D441A6E518000332331 /* NSData+AES.m */ = {isa = PBXFileReference; fileEncoding = 4; lastKnownFileType = sourcecode.c.objc; path = "NSData+AES.m"; sourceTree = "<group>"; };
		F7D09D451A6E518000332331 /* NSString+AES.h */ = {isa = PBXFileReference; fileEncoding = 4; lastKnownFileType = sourcecode.c.h; path = "NSString+AES.h"; sourceTree = "<group>"; };
		F7D09D461A6E518000332331 /* NSString+AES.m */ = {isa = PBXFileReference; fileEncoding = 4; lastKnownFileType = sourcecode.c.objc; path = "NSString+AES.m"; sourceTree = "<group>"; };
		F7D09D7D1A6E518100332331 /* JGProgressHUD.h */ = {isa = PBXFileReference; fileEncoding = 4; lastKnownFileType = sourcecode.c.h; path = JGProgressHUD.h; sourceTree = "<group>"; };
		F7D09D7E1A6E518100332331 /* JGProgressHUD.m */ = {isa = PBXFileReference; fileEncoding = 4; lastKnownFileType = sourcecode.c.objc; path = JGProgressHUD.m; sourceTree = "<group>"; };
		F7D09D7F1A6E518100332331 /* JGProgressHUDAnimation.h */ = {isa = PBXFileReference; fileEncoding = 4; lastKnownFileType = sourcecode.c.h; path = JGProgressHUDAnimation.h; sourceTree = "<group>"; };
		F7D09D801A6E518100332331 /* JGProgressHUDAnimation.m */ = {isa = PBXFileReference; fileEncoding = 4; lastKnownFileType = sourcecode.c.objc; path = JGProgressHUDAnimation.m; sourceTree = "<group>"; };
		F7D09D811A6E518100332331 /* JGProgressHUDFadeAnimation.h */ = {isa = PBXFileReference; fileEncoding = 4; lastKnownFileType = sourcecode.c.h; path = JGProgressHUDFadeAnimation.h; sourceTree = "<group>"; };
		F7D09D821A6E518100332331 /* JGProgressHUDFadeAnimation.m */ = {isa = PBXFileReference; fileEncoding = 4; lastKnownFileType = sourcecode.c.objc; path = JGProgressHUDFadeAnimation.m; sourceTree = "<group>"; };
		F7D09D831A6E518100332331 /* JGProgressHUDFadeZoomAnimation.h */ = {isa = PBXFileReference; fileEncoding = 4; lastKnownFileType = sourcecode.c.h; path = JGProgressHUDFadeZoomAnimation.h; sourceTree = "<group>"; };
		F7D09D841A6E518100332331 /* JGProgressHUDFadeZoomAnimation.m */ = {isa = PBXFileReference; fileEncoding = 4; lastKnownFileType = sourcecode.c.objc; path = JGProgressHUDFadeZoomAnimation.m; sourceTree = "<group>"; };
		F7D09D851A6E518100332331 /* JGProgressHUDIndeterminateIndicatorView.h */ = {isa = PBXFileReference; fileEncoding = 4; lastKnownFileType = sourcecode.c.h; path = JGProgressHUDIndeterminateIndicatorView.h; sourceTree = "<group>"; };
		F7D09D861A6E518100332331 /* JGProgressHUDIndeterminateIndicatorView.m */ = {isa = PBXFileReference; fileEncoding = 4; lastKnownFileType = sourcecode.c.objc; path = JGProgressHUDIndeterminateIndicatorView.m; sourceTree = "<group>"; };
		F7D09D871A6E518100332331 /* JGProgressHUDIndicatorView.h */ = {isa = PBXFileReference; fileEncoding = 4; lastKnownFileType = sourcecode.c.h; path = JGProgressHUDIndicatorView.h; sourceTree = "<group>"; };
		F7D09D881A6E518100332331 /* JGProgressHUDIndicatorView.m */ = {isa = PBXFileReference; fileEncoding = 4; lastKnownFileType = sourcecode.c.objc; path = JGProgressHUDIndicatorView.m; sourceTree = "<group>"; };
		F7D09D891A6E518100332331 /* JGProgressHUDPieIndicatorView.h */ = {isa = PBXFileReference; fileEncoding = 4; lastKnownFileType = sourcecode.c.h; path = JGProgressHUDPieIndicatorView.h; sourceTree = "<group>"; };
		F7D09D8A1A6E518100332331 /* JGProgressHUDPieIndicatorView.m */ = {isa = PBXFileReference; fileEncoding = 4; lastKnownFileType = sourcecode.c.objc; path = JGProgressHUDPieIndicatorView.m; sourceTree = "<group>"; };
		F7D09D8B1A6E518100332331 /* JGProgressHUDRingIndicatorView.h */ = {isa = PBXFileReference; fileEncoding = 4; lastKnownFileType = sourcecode.c.h; path = JGProgressHUDRingIndicatorView.h; sourceTree = "<group>"; };
		F7D09D8C1A6E518100332331 /* JGProgressHUDRingIndicatorView.m */ = {isa = PBXFileReference; fileEncoding = 4; lastKnownFileType = sourcecode.c.objc; path = JGProgressHUDRingIndicatorView.m; sourceTree = "<group>"; };
		F7D09D8F1A6E518100332331 /* JHRefreshAmazingAniView.h */ = {isa = PBXFileReference; fileEncoding = 4; lastKnownFileType = sourcecode.c.h; path = JHRefreshAmazingAniView.h; sourceTree = "<group>"; };
		F7D09D901A6E518100332331 /* JHRefreshAmazingAniView.m */ = {isa = PBXFileReference; fileEncoding = 4; lastKnownFileType = sourcecode.c.objc; path = JHRefreshAmazingAniView.m; sourceTree = "<group>"; };
		F7D09D911A6E518100332331 /* JHRefreshAniBaseView.h */ = {isa = PBXFileReference; fileEncoding = 4; lastKnownFileType = sourcecode.c.h; path = JHRefreshAniBaseView.h; sourceTree = "<group>"; };
		F7D09D921A6E518100332331 /* JHRefreshAniBaseView.m */ = {isa = PBXFileReference; fileEncoding = 4; lastKnownFileType = sourcecode.c.objc; path = JHRefreshAniBaseView.m; sourceTree = "<group>"; };
		F7D09D931A6E518100332331 /* JHRefreshCommonAniView.h */ = {isa = PBXFileReference; fileEncoding = 4; lastKnownFileType = sourcecode.c.h; path = JHRefreshCommonAniView.h; sourceTree = "<group>"; };
		F7D09D941A6E518100332331 /* JHRefreshCommonAniView.m */ = {isa = PBXFileReference; fileEncoding = 4; lastKnownFileType = sourcecode.c.objc; path = JHRefreshCommonAniView.m; sourceTree = "<group>"; };
		F7D09D951A6E518100332331 /* JHRefresh.bundle */ = {isa = PBXFileReference; lastKnownFileType = "wrapper.plug-in"; path = JHRefresh.bundle; sourceTree = "<group>"; };
		F7D09D961A6E518100332331 /* JHRefresh.h */ = {isa = PBXFileReference; fileEncoding = 4; lastKnownFileType = sourcecode.c.h; path = JHRefresh.h; sourceTree = "<group>"; };
		F7D09D971A6E518100332331 /* JHRefreshBaseView.h */ = {isa = PBXFileReference; fileEncoding = 4; lastKnownFileType = sourcecode.c.h; path = JHRefreshBaseView.h; sourceTree = "<group>"; };
		F7D09D981A6E518100332331 /* JHRefreshBaseView.m */ = {isa = PBXFileReference; fileEncoding = 4; lastKnownFileType = sourcecode.c.objc; path = JHRefreshBaseView.m; sourceTree = "<group>"; };
		F7D09D991A6E518100332331 /* JHRefreshConfig.h */ = {isa = PBXFileReference; fileEncoding = 4; lastKnownFileType = sourcecode.c.h; path = JHRefreshConfig.h; sourceTree = "<group>"; };
		F7D09D9A1A6E518100332331 /* JHRefreshConfig.m */ = {isa = PBXFileReference; fileEncoding = 4; lastKnownFileType = sourcecode.c.objc; path = JHRefreshConfig.m; sourceTree = "<group>"; };
		F7D09D9B1A6E518100332331 /* JHRefreshFooterView.h */ = {isa = PBXFileReference; fileEncoding = 4; lastKnownFileType = sourcecode.c.h; path = JHRefreshFooterView.h; sourceTree = "<group>"; };
		F7D09D9C1A6E518100332331 /* JHRefreshFooterView.m */ = {isa = PBXFileReference; fileEncoding = 4; lastKnownFileType = sourcecode.c.objc; path = JHRefreshFooterView.m; sourceTree = "<group>"; };
		F7D09D9D1A6E518100332331 /* JHRefreshHeaderView.h */ = {isa = PBXFileReference; fileEncoding = 4; lastKnownFileType = sourcecode.c.h; path = JHRefreshHeaderView.h; sourceTree = "<group>"; };
		F7D09D9E1A6E518100332331 /* JHRefreshHeaderView.m */ = {isa = PBXFileReference; fileEncoding = 4; lastKnownFileType = sourcecode.c.objc; path = JHRefreshHeaderView.m; sourceTree = "<group>"; };
		F7D09D9F1A6E518100332331 /* JHRefreshMacro.h */ = {isa = PBXFileReference; fileEncoding = 4; lastKnownFileType = sourcecode.c.h; path = JHRefreshMacro.h; sourceTree = "<group>"; };
		F7D09DA01A6E518100332331 /* JHRefreshViewDelegate.h */ = {isa = PBXFileReference; fileEncoding = 4; lastKnownFileType = sourcecode.c.h; path = JHRefreshViewDelegate.h; sourceTree = "<group>"; };
		F7D09DA11A6E518100332331 /* UIScrollView+JHExtension.h */ = {isa = PBXFileReference; fileEncoding = 4; lastKnownFileType = sourcecode.c.h; path = "UIScrollView+JHExtension.h"; sourceTree = "<group>"; };
		F7D09DA21A6E518100332331 /* UIScrollView+JHExtension.m */ = {isa = PBXFileReference; fileEncoding = 4; lastKnownFileType = sourcecode.c.objc; path = "UIScrollView+JHExtension.m"; sourceTree = "<group>"; };
		F7D09DA31A6E518100332331 /* UIScrollView+JHRefresh.h */ = {isa = PBXFileReference; fileEncoding = 4; lastKnownFileType = sourcecode.c.h; path = "UIScrollView+JHRefresh.h"; sourceTree = "<group>"; };
		F7D09DA41A6E518100332331 /* UIScrollView+JHRefresh.m */ = {isa = PBXFileReference; fileEncoding = 4; lastKnownFileType = sourcecode.c.objc; path = "UIScrollView+JHRefresh.m"; sourceTree = "<group>"; };
		F7D09DA51A6E518100332331 /* UIView+JHExtension.h */ = {isa = PBXFileReference; fileEncoding = 4; lastKnownFileType = sourcecode.c.h; path = "UIView+JHExtension.h"; sourceTree = "<group>"; };
		F7D09DA61A6E518100332331 /* UIView+JHExtension.m */ = {isa = PBXFileReference; fileEncoding = 4; lastKnownFileType = sourcecode.c.objc; path = "UIView+JHExtension.m"; sourceTree = "<group>"; };
		F7D09DA81A6E518100332331 /* CycleScrollView.h */ = {isa = PBXFileReference; fileEncoding = 4; lastKnownFileType = sourcecode.c.h; path = CycleScrollView.h; sourceTree = "<group>"; };
		F7D09DA91A6E518100332331 /* CycleScrollView.m */ = {isa = PBXFileReference; fileEncoding = 4; lastKnownFileType = sourcecode.c.objc; path = CycleScrollView.m; sourceTree = "<group>"; };
		F7D09DAA1A6E518100332331 /* NSTimer+Addition.h */ = {isa = PBXFileReference; fileEncoding = 4; lastKnownFileType = sourcecode.c.h; path = "NSTimer+Addition.h"; sourceTree = "<group>"; };
		F7D09DAB1A6E518100332331 /* NSTimer+Addition.m */ = {isa = PBXFileReference; fileEncoding = 4; lastKnownFileType = sourcecode.c.objc; path = "NSTimer+Addition.m"; sourceTree = "<group>"; };
		F7D09DBC1A6E518100332331 /* KDPreView.h */ = {isa = PBXFileReference; fileEncoding = 4; lastKnownFileType = sourcecode.c.h; path = KDPreView.h; sourceTree = "<group>"; };
		F7D09DBD1A6E518100332331 /* KDPreView.m */ = {isa = PBXFileReference; fileEncoding = 4; lastKnownFileType = sourcecode.c.objc; path = KDPreView.m; sourceTree = "<group>"; };
		F7D09E001A6E51EF00332331 /* PublicFile.h */ = {isa = PBXFileReference; fileEncoding = 4; lastKnownFileType = sourcecode.c.h; path = PublicFile.h; sourceTree = "<group>"; };
		F7D09E011A6E53A400332331 /* libsqlite3.dylib */ = {isa = PBXFileReference; lastKnownFileType = "compiled.mach-o.dylib"; name = libsqlite3.dylib; path = usr/lib/libsqlite3.dylib; sourceTree = SDKROOT; };
		F7D09E031A6E542700332331 /* BaseViewController.h */ = {isa = PBXFileReference; fileEncoding = 4; lastKnownFileType = sourcecode.c.h; path = BaseViewController.h; sourceTree = "<group>"; };
		F7D09E041A6E542700332331 /* BaseViewController.m */ = {isa = PBXFileReference; fileEncoding = 4; lastKnownFileType = sourcecode.c.objc; path = BaseViewController.m; sourceTree = "<group>"; };
		F7D09E061A6E57E300332331 /* MainViewController.h */ = {isa = PBXFileReference; fileEncoding = 4; lastKnownFileType = sourcecode.c.h; path = MainViewController.h; sourceTree = "<group>"; };
		F7D09E071A6E57E300332331 /* MainViewController.m */ = {isa = PBXFileReference; fileEncoding = 4; lastKnownFileType = sourcecode.c.objc; path = MainViewController.m; sourceTree = "<group>"; };
		F7D164FA1AA00AF70085F73B /* EditTime.h */ = {isa = PBXFileReference; fileEncoding = 4; lastKnownFileType = sourcecode.c.h; path = EditTime.h; sourceTree = "<group>"; };
		F7D164FB1AA00AF70085F73B /* EditTime.m */ = {isa = PBXFileReference; fileEncoding = 4; lastKnownFileType = sourcecode.c.objc; path = EditTime.m; sourceTree = "<group>"; };
		F7D164FD1AA00B1F0085F73B /* EditTime.xib */ = {isa = PBXFileReference; fileEncoding = 4; lastKnownFileType = file.xib; path = EditTime.xib; sourceTree = "<group>"; };
		F7D164FF1AA019F20085F73B /* Default-568h@2x.png */ = {isa = PBXFileReference; lastKnownFileType = image.png; path = "Default-568h@2x.png"; sourceTree = "<group>"; };
		F7D33C931A70D88900A6487A /* PersonCenter.storyboard */ = {isa = PBXFileReference; fileEncoding = 4; lastKnownFileType = file.storyboard; path = PersonCenter.storyboard; sourceTree = "<group>"; };
		F7D33C951A70D8C700A6487A /* Club.storyboard */ = {isa = PBXFileReference; fileEncoding = 4; lastKnownFileType = file.storyboard; path = Club.storyboard; sourceTree = "<group>"; };
		F7D33C971A70D8E400A6487A /* SelfControl.storyboard */ = {isa = PBXFileReference; fileEncoding = 4; lastKnownFileType = file.storyboard; path = SelfControl.storyboard; sourceTree = "<group>"; };
		F7D33C991A70DF2A00A6487A /* HomeView.h */ = {isa = PBXFileReference; fileEncoding = 4; lastKnownFileType = sourcecode.c.h; path = HomeView.h; sourceTree = "<group>"; };
		F7D33C9A1A70DF2A00A6487A /* HomeView.m */ = {isa = PBXFileReference; fileEncoding = 4; lastKnownFileType = sourcecode.c.objc; path = HomeView.m; sourceTree = "<group>"; };
		F7D4B8D41ACD261C00AABB2F /* DreamDefine.h */ = {isa = PBXFileReference; lastKnownFileType = sourcecode.c.h; path = DreamDefine.h; sourceTree = "<group>"; };
		F7D4B8D51ACD300600AABB2F /* SQLManager.h */ = {isa = PBXFileReference; fileEncoding = 4; lastKnownFileType = sourcecode.c.h; path = SQLManager.h; sourceTree = "<group>"; };
		F7D4B8D61ACD300600AABB2F /* SQLManager.m */ = {isa = PBXFileReference; fileEncoding = 4; lastKnownFileType = sourcecode.c.objc; path = SQLManager.m; sourceTree = "<group>"; };
		F7EBB46E1ABBA59D00EFD10F /* RichStyleLabel.h */ = {isa = PBXFileReference; fileEncoding = 4; lastKnownFileType = sourcecode.c.h; path = RichStyleLabel.h; sourceTree = "<group>"; };
		F7EBB46F1ABBA59D00EFD10F /* RichStyleLabel.m */ = {isa = PBXFileReference; fileEncoding = 4; lastKnownFileType = sourcecode.c.objc; path = RichStyleLabel.m; sourceTree = "<group>"; };
		F7EBB4711ABBB32700EFD10F /* HeaderCell.h */ = {isa = PBXFileReference; fileEncoding = 4; lastKnownFileType = sourcecode.c.h; path = HeaderCell.h; sourceTree = "<group>"; };
		F7EBB4721ABBB32700EFD10F /* HeaderCell.m */ = {isa = PBXFileReference; fileEncoding = 4; lastKnownFileType = sourcecode.c.objc; path = HeaderCell.m; sourceTree = "<group>"; };
		F7EBB4731ABBB32700EFD10F /* HeaderCell.xib */ = {isa = PBXFileReference; fileEncoding = 4; lastKnownFileType = file.xib; path = HeaderCell.xib; sourceTree = "<group>"; };
		F7EBB4761ABBBB9200EFD10F /* DoingVC.h */ = {isa = PBXFileReference; fileEncoding = 4; lastKnownFileType = sourcecode.c.h; path = DoingVC.h; sourceTree = "<group>"; };
		F7EBB4771ABBBB9200EFD10F /* DoingVC.m */ = {isa = PBXFileReference; fileEncoding = 4; lastKnownFileType = sourcecode.c.objc; path = DoingVC.m; sourceTree = "<group>"; };
		F7EBB4791ABBBB9F00EFD10F /* DoneVC.h */ = {isa = PBXFileReference; fileEncoding = 4; lastKnownFileType = sourcecode.c.h; path = DoneVC.h; sourceTree = "<group>"; };
		F7EBB47A1ABBBB9F00EFD10F /* DoneVC.m */ = {isa = PBXFileReference; fileEncoding = 4; lastKnownFileType = sourcecode.c.objc; path = DoneVC.m; sourceTree = "<group>"; };
		F7EBB47C1ABBCF9D00EFD10F /* DoingShowView.h */ = {isa = PBXFileReference; fileEncoding = 4; lastKnownFileType = sourcecode.c.h; path = DoingShowView.h; sourceTree = "<group>"; };
		F7EBB47D1ABBCF9D00EFD10F /* DoingShowView.m */ = {isa = PBXFileReference; fileEncoding = 4; lastKnownFileType = sourcecode.c.objc; path = DoingShowView.m; sourceTree = "<group>"; };
		F7EF354E1A9EBDBE00FEE796 /* MyDreamModel.h */ = {isa = PBXFileReference; fileEncoding = 4; lastKnownFileType = sourcecode.c.h; path = MyDreamModel.h; sourceTree = "<group>"; };
		F7EF354F1A9EBDBE00FEE796 /* MyDreamModel.m */ = {isa = PBXFileReference; fileEncoding = 4; lastKnownFileType = sourcecode.c.objc; path = MyDreamModel.m; sourceTree = "<group>"; };
		F7EF35511A9EC01A00FEE796 /* TextInHomeView.h */ = {isa = PBXFileReference; fileEncoding = 4; lastKnownFileType = sourcecode.c.h; path = TextInHomeView.h; sourceTree = "<group>"; };
		F7EF35521A9EC01A00FEE796 /* TextInHomeView.m */ = {isa = PBXFileReference; fileEncoding = 4; lastKnownFileType = sourcecode.c.objc; path = TextInHomeView.m; sourceTree = "<group>"; };
		F7EF35541A9EC3B800FEE796 /* Mydate.h */ = {isa = PBXFileReference; fileEncoding = 4; lastKnownFileType = sourcecode.c.h; path = Mydate.h; sourceTree = "<group>"; };
		F7EF35551A9EC3B800FEE796 /* Mydate.m */ = {isa = PBXFileReference; fileEncoding = 4; lastKnownFileType = sourcecode.c.objc; path = Mydate.m; sourceTree = "<group>"; };
		F7EF35571A9F066300FEE796 /* ImageButton.h */ = {isa = PBXFileReference; fileEncoding = 4; lastKnownFileType = sourcecode.c.h; path = ImageButton.h; sourceTree = "<group>"; };
		F7EF35581A9F066300FEE796 /* ImageButton.m */ = {isa = PBXFileReference; fileEncoding = 4; lastKnownFileType = sourcecode.c.objc; path = ImageButton.m; sourceTree = "<group>"; };
		F7F02E381ABA620E0095EA2E /* ChartView.h */ = {isa = PBXFileReference; fileEncoding = 4; lastKnownFileType = sourcecode.c.h; path = ChartView.h; sourceTree = "<group>"; };
		F7F02E391ABA620E0095EA2E /* ChartView.m */ = {isa = PBXFileReference; fileEncoding = 4; lastKnownFileType = sourcecode.c.objc; path = ChartView.m; sourceTree = "<group>"; };
		F7F02E3B1ABA631F0095EA2E /* ChartView.xib */ = {isa = PBXFileReference; fileEncoding = 4; lastKnownFileType = file.xib; path = ChartView.xib; sourceTree = "<group>"; };
		F7F02E411ABAB41C0095EA2E /* SettingVC.h */ = {isa = PBXFileReference; fileEncoding = 4; lastKnownFileType = sourcecode.c.h; path = SettingVC.h; sourceTree = "<group>"; };
		F7F02E421ABAB41C0095EA2E /* SettingVC.m */ = {isa = PBXFileReference; fileEncoding = 4; lastKnownFileType = sourcecode.c.objc; path = SettingVC.m; sourceTree = "<group>"; };
		F925F4721AC3A14F0036CD7A /* MessageModel.h */ = {isa = PBXFileReference; fileEncoding = 4; lastKnownFileType = sourcecode.c.h; path = MessageModel.h; sourceTree = "<group>"; };
		F925F4731AC3A14F0036CD7A /* MessageModel.m */ = {isa = PBXFileReference; fileEncoding = 4; lastKnownFileType = sourcecode.c.objc; path = MessageModel.m; sourceTree = "<group>"; };
		F925F4781AC3AAC50036CD7A /* ServerFile.h */ = {isa = PBXFileReference; lastKnownFileType = sourcecode.c.h; path = ServerFile.h; sourceTree = "<group>"; };
		F925F4791AC3AB890036CD7A /* PageModel.h */ = {isa = PBXFileReference; fileEncoding = 4; lastKnownFileType = sourcecode.c.h; path = PageModel.h; sourceTree = "<group>"; };
		F925F47A1AC3AB890036CD7A /* PageModel.m */ = {isa = PBXFileReference; fileEncoding = 4; lastKnownFileType = sourcecode.c.objc; path = PageModel.m; sourceTree = "<group>"; };
		F96523E11ABFBB0F00AFDEEE /* PlanModel.h */ = {isa = PBXFileReference; fileEncoding = 4; lastKnownFileType = sourcecode.c.h; path = PlanModel.h; sourceTree = "<group>"; };
		F96523E21ABFBB0F00AFDEEE /* PlanModel.m */ = {isa = PBXFileReference; fileEncoding = 4; lastKnownFileType = sourcecode.c.objc; path = PlanModel.m; sourceTree = "<group>"; };
		F9AC18181AC940AB003A6A65 /* PerformModel.h */ = {isa = PBXFileReference; fileEncoding = 4; lastKnownFileType = sourcecode.c.h; path = PerformModel.h; sourceTree = "<group>"; };
		F9AC18191AC940AB003A6A65 /* PerformModel.m */ = {isa = PBXFileReference; fileEncoding = 4; lastKnownFileType = sourcecode.c.objc; path = PerformModel.m; sourceTree = "<group>"; };
/* End PBXFileReference section */

/* Begin PBXFrameworksBuildPhase section */
		F7D09CFF1A6E4F3700332331 /* Frameworks */ = {
			isa = PBXFrameworksBuildPhase;
			buildActionMask = 2147483647;
			files = (
				F7ACCF241A71FE7900ABAA69 /* QuartzCore.framework in Frameworks */,
				F7D09E021A6E53A400332331 /* libsqlite3.dylib in Frameworks */,
				5756F2E04C56C1857922024C /* libPods.a in Frameworks */,
			);
			runOnlyForDeploymentPostprocessing = 0;
		};
		F7D09D181A6E4F3700332331 /* Frameworks */ = {
			isa = PBXFrameworksBuildPhase;
			buildActionMask = 2147483647;
			files = (
			);
			runOnlyForDeploymentPostprocessing = 0;
		};
/* End PBXFrameworksBuildPhase section */

/* Begin PBXGroup section */
		4071A61179A89D97EE2AFD09 /* Frameworks */ = {
			isa = PBXGroup;
			children = (
				F7ACCF231A71FE7900ABAA69 /* QuartzCore.framework */,
				D45F144EA7FC0C69E98E14EF /* libPods.a */,
			);
			name = Frameworks;
			sourceTree = "<group>";
		};
		5E1E5DEB2C5607CB646FE446 /* Pods */ = {
			isa = PBXGroup;
			children = (
				C04D8267727ED642C92248FF /* Pods.debug.xcconfig */,
				173E3982BD6B614786560469 /* Pods.release.xcconfig */,
			);
			name = Pods;
			sourceTree = "<group>";
		};
		F7B167141AA1A9CE000B84D1 /* NSDate */ = {
			isa = PBXGroup;
			children = (
				F7B167151AA1A9CE000B84D1 /* NSDate+Agenda.h */,
				F7B167161AA1A9CE000B84D1 /* NSDate+Agenda.m */,
			);
			path = NSDate;
			sourceTree = "<group>";
		};
		F7D09CF91A6E4F3700332331 = {
			isa = PBXGroup;
			children = (
				F7D164FF1AA019F20085F73B /* Default-568h@2x.png */,
				F7D09E011A6E53A400332331 /* libsqlite3.dylib */,
				F7D09D2B1A6E518000332331 /* Common */,
				F7D09D411A6E518000332331 /* Libs */,
				F7D09DBE1A6E518100332331 /* MyViews */,
				F7EF354D1A9EBD8700FEE796 /* Models */,
				F7D09DBF1A6E518100332331 /* ViewControllers */,
				F7D09D041A6E4F3700332331 /* ZKL */,
				F7D09D1E1A6E4F3700332331 /* ZKLTests */,
				F7D09D031A6E4F3700332331 /* Products */,
				5E1E5DEB2C5607CB646FE446 /* Pods */,
				4071A61179A89D97EE2AFD09 /* Frameworks */,
			);
			sourceTree = "<group>";
		};
		F7D09D031A6E4F3700332331 /* Products */ = {
			isa = PBXGroup;
			children = (
				F7D09D021A6E4F3700332331 /* ZKL.app */,
				F7D09D1B1A6E4F3700332331 /* ZKLTests.xctest */,
			);
			name = Products;
			sourceTree = "<group>";
		};
		F7D09D041A6E4F3700332331 /* ZKL */ = {
			isa = PBXGroup;
			children = (
				F7D09D091A6E4F3700332331 /* AppDelegate.h */,
				F7D09D0A1A6E4F3700332331 /* AppDelegate.m */,
				F7D09E061A6E57E300332331 /* MainViewController.h */,
				F7D09E071A6E57E300332331 /* MainViewController.m */,
				F7D09D0F1A6E4F3700332331 /* Main.storyboard */,
				F7D33C931A70D88900A6487A /* PersonCenter.storyboard */,
				F7D33C951A70D8C700A6487A /* Club.storyboard */,
				F7D33C971A70D8E400A6487A /* SelfControl.storyboard */,
				F7BDC40B1AA05D92008A1BD0 /* CalendarVC.storyboard */,
				F7AEF8831AC24218000A9142 /* PublicStoryboard.storyboard */,
				F7D09D121A6E4F3700332331 /* Images.xcassets */,
				F7D09D141A6E4F3700332331 /* LaunchScreen.xib */,
				F7D09D051A6E4F3700332331 /* Supporting Files */,
			);
			path = ZKL;
			sourceTree = "<group>";
		};
		F7D09D051A6E4F3700332331 /* Supporting Files */ = {
			isa = PBXGroup;
			children = (
				F7D09E001A6E51EF00332331 /* PublicFile.h */,
				F7D09D061A6E4F3700332331 /* Info.plist */,
				F7D09D071A6E4F3700332331 /* main.m */,
			);
			name = "Supporting Files";
			sourceTree = "<group>";
		};
		F7D09D1E1A6E4F3700332331 /* ZKLTests */ = {
			isa = PBXGroup;
			children = (
				F7D09D211A6E4F3700332331 /* ZKLTests.m */,
				F7D09D1F1A6E4F3700332331 /* Supporting Files */,
			);
			path = ZKLTests;
			sourceTree = "<group>";
		};
		F7D09D1F1A6E4F3700332331 /* Supporting Files */ = {
			isa = PBXGroup;
			children = (
				F7D09D201A6E4F3700332331 /* Info.plist */,
			);
			name = "Supporting Files";
			sourceTree = "<group>";
		};
		F7D09D2B1A6E518000332331 /* Common */ = {
			isa = PBXGroup;
			children = (
				F7D09D2C1A6E518000332331 /* FileManager.h */,
				F7D09D2D1A6E518000332331 /* FileManager.m */,
				F7D09D2E1A6E518000332331 /* MyButton.h */,
				F7D09D2F1A6E518000332331 /* MyButton.m */,
				F7D09D301A6E518000332331 /* MyNavigationController.h */,
				F7D09D311A6E518000332331 /* MyNavigationController.m */,
				F7D09D321A6E518000332331 /* MyTabbarController.h */,
				F7D09D331A6E518000332331 /* MyTabbarController.m */,
				F7D09D341A6E518000332331 /* MyTabBarItem.h */,
				F7D09D351A6E518000332331 /* MyTabBarItem.m */,
				F7D09D361A6E518000332331 /* MyTextField.h */,
				F7D09D371A6E518000332331 /* MyTextField.m */,
				F7D09D381A6E518000332331 /* NSDictionary+safeObjectForKey.h */,
				F7D09D391A6E518000332331 /* NSDictionary+safeObjectForKey.m */,
				F7D09D3A1A6E518000332331 /* PublicDefine.h */,
				F7D09D3B1A6E518000332331 /* TimeLabel.h */,
				F7D09D3C1A6E518000332331 /* TimeLabel.m */,
				F7D09D3D1A6E518000332331 /* UserInfo.h */,
				F7D09D3E1A6E518000332331 /* UserInfo.m */,
				F7D09D3F1A6E518000332331 /* Utities.h */,
				F7D09D401A6E518000332331 /* Utities.m */,
				F7B1670B1AA188D0000B84D1 /* CustomModel.h */,
				F7B1670C1AA188D0000B84D1 /* CustomModel.m */,
				F7EF35541A9EC3B800FEE796 /* Mydate.h */,
				F7EF35551A9EC3B800FEE796 /* Mydate.m */,
				F7D4B8D51ACD300600AABB2F /* SQLManager.h */,
				F7D4B8D61ACD300600AABB2F /* SQLManager.m */,
				F925F4781AC3AAC50036CD7A /* ServerFile.h */,
				F7D4B8D41ACD261C00AABB2F /* DreamDefine.h */,
			);
			name = Common;
			path = ZKL/Common;
			sourceTree = "<group>";
		};
		F7D09D411A6E518000332331 /* Libs */ = {
			isa = PBXGroup;
			children = (
				F76B08FB1ADDFE1900DED1D0 /* 兰亭黑 GBK.TTF */,
				F7EBB46D1ABBA59D00EFD10F /* RichStyleLabel */,
				F7B167141AA1A9CE000B84D1 /* NSDate */,
				F7D09D421A6E518000332331 /* aes */,
				F7D09D7C1A6E518100332331 /* JGProgressHUD */,
				F7D09D8D1A6E518100332331 /* JHRefresh */,
				F7D09DA71A6E518100332331 /* ScrollView */,
				F7D09DBB1A6E518100332331 /* zoomScrollview */,
			);
			name = Libs;
			path = ZKL/Libs;
			sourceTree = "<group>";
		};
		F7D09D421A6E518000332331 /* aes */ = {
			isa = PBXGroup;
			children = (
				F7D09D431A6E518000332331 /* NSData+AES.h */,
				F7D09D441A6E518000332331 /* NSData+AES.m */,
				F7D09D451A6E518000332331 /* NSString+AES.h */,
				F7D09D461A6E518000332331 /* NSString+AES.m */,
			);
			path = aes;
			sourceTree = "<group>";
		};
		F7D09D7C1A6E518100332331 /* JGProgressHUD */ = {
			isa = PBXGroup;
			children = (
				F7D09D7D1A6E518100332331 /* JGProgressHUD.h */,
				F7D09D7E1A6E518100332331 /* JGProgressHUD.m */,
				F7D09D7F1A6E518100332331 /* JGProgressHUDAnimation.h */,
				F7D09D801A6E518100332331 /* JGProgressHUDAnimation.m */,
				F7D09D811A6E518100332331 /* JGProgressHUDFadeAnimation.h */,
				F7D09D821A6E518100332331 /* JGProgressHUDFadeAnimation.m */,
				F7D09D831A6E518100332331 /* JGProgressHUDFadeZoomAnimation.h */,
				F7D09D841A6E518100332331 /* JGProgressHUDFadeZoomAnimation.m */,
				F7D09D851A6E518100332331 /* JGProgressHUDIndeterminateIndicatorView.h */,
				F7D09D861A6E518100332331 /* JGProgressHUDIndeterminateIndicatorView.m */,
				F7D09D871A6E518100332331 /* JGProgressHUDIndicatorView.h */,
				F7D09D881A6E518100332331 /* JGProgressHUDIndicatorView.m */,
				F7D09D891A6E518100332331 /* JGProgressHUDPieIndicatorView.h */,
				F7D09D8A1A6E518100332331 /* JGProgressHUDPieIndicatorView.m */,
				F7D09D8B1A6E518100332331 /* JGProgressHUDRingIndicatorView.h */,
				F7D09D8C1A6E518100332331 /* JGProgressHUDRingIndicatorView.m */,
			);
			path = JGProgressHUD;
			sourceTree = "<group>";
		};
		F7D09D8D1A6E518100332331 /* JHRefresh */ = {
			isa = PBXGroup;
			children = (
				F7D09D8E1A6E518100332331 /* AnimationView */,
				F7D09D951A6E518100332331 /* JHRefresh.bundle */,
				F7D09D961A6E518100332331 /* JHRefresh.h */,
				F7D09D971A6E518100332331 /* JHRefreshBaseView.h */,
				F7D09D981A6E518100332331 /* JHRefreshBaseView.m */,
				F7D09D991A6E518100332331 /* JHRefreshConfig.h */,
				F7D09D9A1A6E518100332331 /* JHRefreshConfig.m */,
				F7D09D9B1A6E518100332331 /* JHRefreshFooterView.h */,
				F7D09D9C1A6E518100332331 /* JHRefreshFooterView.m */,
				F7D09D9D1A6E518100332331 /* JHRefreshHeaderView.h */,
				F7D09D9E1A6E518100332331 /* JHRefreshHeaderView.m */,
				F7D09D9F1A6E518100332331 /* JHRefreshMacro.h */,
				F7D09DA01A6E518100332331 /* JHRefreshViewDelegate.h */,
				F7D09DA11A6E518100332331 /* UIScrollView+JHExtension.h */,
				F7D09DA21A6E518100332331 /* UIScrollView+JHExtension.m */,
				F7D09DA31A6E518100332331 /* UIScrollView+JHRefresh.h */,
				F7D09DA41A6E518100332331 /* UIScrollView+JHRefresh.m */,
				F7D09DA51A6E518100332331 /* UIView+JHExtension.h */,
				F7D09DA61A6E518100332331 /* UIView+JHExtension.m */,
			);
			path = JHRefresh;
			sourceTree = "<group>";
		};
		F7D09D8E1A6E518100332331 /* AnimationView */ = {
			isa = PBXGroup;
			children = (
				F7D09D8F1A6E518100332331 /* JHRefreshAmazingAniView.h */,
				F7D09D901A6E518100332331 /* JHRefreshAmazingAniView.m */,
				F7D09D911A6E518100332331 /* JHRefreshAniBaseView.h */,
				F7D09D921A6E518100332331 /* JHRefreshAniBaseView.m */,
				F7D09D931A6E518100332331 /* JHRefreshCommonAniView.h */,
				F7D09D941A6E518100332331 /* JHRefreshCommonAniView.m */,
			);
			path = AnimationView;
			sourceTree = "<group>";
		};
		F7D09DA71A6E518100332331 /* ScrollView */ = {
			isa = PBXGroup;
			children = (
				F7D09DA81A6E518100332331 /* CycleScrollView.h */,
				F7D09DA91A6E518100332331 /* CycleScrollView.m */,
				F7D09DAA1A6E518100332331 /* NSTimer+Addition.h */,
				F7D09DAB1A6E518100332331 /* NSTimer+Addition.m */,
			);
			path = ScrollView;
			sourceTree = "<group>";
		};
		F7D09DBB1A6E518100332331 /* zoomScrollview */ = {
			isa = PBXGroup;
			children = (
				F7D09DBC1A6E518100332331 /* KDPreView.h */,
				F7D09DBD1A6E518100332331 /* KDPreView.m */,
			);
			path = zoomScrollview;
			sourceTree = "<group>";
		};
		F7D09DBE1A6E518100332331 /* MyViews */ = {
			isa = PBXGroup;
			children = (
				F7D33C991A70DF2A00A6487A /* HomeView.h */,
				F7D33C9A1A70DF2A00A6487A /* HomeView.m */,
				F7ACCF211A71EF3300ABAA69 /* HomeView.xib */,
				F7D164FA1AA00AF70085F73B /* EditTime.h */,
				F7D164FB1AA00AF70085F73B /* EditTime.m */,
				F7D164FD1AA00B1F0085F73B /* EditTime.xib */,
				F7ACCF251A7241D100ABAA69 /* DreamTime.h */,
				F7ACCF261A7241D100ABAA69 /* DreamTime.m */,
				F7C9873F1A77195F001AE3DA /* ProgressCricleView.h */,
				F7C987401A77195F001AE3DA /* ProgressCricleView.m */,
				F79F809A1A7F443000FDA3F9 /* ProgressRectView.h */,
				F79F809B1A7F443000FDA3F9 /* ProgressRectView.m */,
				F75C59971A9D95F7006EC998 /* WhiteBlackTextFiled.h */,
				F75C59981A9D95F7006EC998 /* WhiteBlackTextFiled.m */,
				F7EF35511A9EC01A00FEE796 /* TextInHomeView.h */,
				F7EF35521A9EC01A00FEE796 /* TextInHomeView.m */,
				F7EF35571A9F066300FEE796 /* ImageButton.h */,
				F7EF35581A9F066300FEE796 /* ImageButton.m */,
				F7BDC4131AA068FA008A1BD0 /* CanlendarView.h */,
				F7BDC4141AA068FA008A1BD0 /* CanlendarView.m */,
				F7F02E381ABA620E0095EA2E /* ChartView.h */,
				F7F02E391ABA620E0095EA2E /* ChartView.m */,
				F7F02E3B1ABA631F0095EA2E /* ChartView.xib */,
				F7B167111AA1A6BE000B84D1 /* DayButton.h */,
				F7B167121AA1A6BE000B84D1 /* DayButton.m */,
				F7EBB4711ABBB32700EFD10F /* HeaderCell.h */,
				F7EBB4721ABBB32700EFD10F /* HeaderCell.m */,
				F7EBB4731ABBB32700EFD10F /* HeaderCell.xib */,
				F7EBB47C1ABBCF9D00EFD10F /* DoingShowView.h */,
				F7EBB47D1ABBCF9D00EFD10F /* DoingShowView.m */,
				F7BF99421ABFAA780000B445 /* DoneShowView.h */,
				F7BF99431ABFAA780000B445 /* DoneShowView.m */,
				F7BF99451ABFE81C0000B445 /* ProgressLineView.h */,
				F7BF99461ABFE81C0000B445 /* ProgressLineView.m */,
			);
			name = MyViews;
			path = ZKL/MyViews;
			sourceTree = "<group>";
		};
		F7D09DBF1A6E518100332331 /* ViewControllers */ = {
			isa = PBXGroup;
			children = (
				F7D09E031A6E542700332331 /* BaseViewController.h */,
				F7D09E041A6E542700332331 /* BaseViewController.m */,
				F7ACCF281A7243D600ABAA69 /* HomeControlVC.h */,
				F7ACCF291A7243D600ABAA69 /* HomeControlVC.m */,
				F75C59941A9D64B3006EC998 /* AddDreamVC.h */,
				F75C59951A9D64B3006EC998 /* AddDreamVC.m */,
				F7BDC40D1AA05DD8008A1BD0 /* CalendarVC.h */,
				F7BDC40E1AA05DD8008A1BD0 /* CalendarVC.m */,
				F7F02E411ABAB41C0095EA2E /* SettingVC.h */,
				F7F02E421ABAB41C0095EA2E /* SettingVC.m */,
				F7EBB4761ABBBB9200EFD10F /* DoingVC.h */,
				F7EBB4771ABBBB9200EFD10F /* DoingVC.m */,
				F7EBB4791ABBBB9F00EFD10F /* DoneVC.h */,
				F7EBB47A1ABBBB9F00EFD10F /* DoneVC.m */,
				F7AEF8851AC2427D000A9142 /* LoginVC.h */,
				F7AEF8861AC2427D000A9142 /* LoginVC.m */,
				F7AEF8871AC2427D000A9142 /* MyWebView.h */,
				F7AEF8881AC2427D000A9142 /* MyWebView.m */,
				F7AEF8891AC2427D000A9142 /* RegisterVC.h */,
				F7AEF88A1AC2427D000A9142 /* RegisterVC.m */,
			);
			name = ViewControllers;
			path = ZKL/ViewControllers;
			sourceTree = "<group>";
		};
		F7EBB46D1ABBA59D00EFD10F /* RichStyleLabel */ = {
			isa = PBXGroup;
			children = (
				F7EBB46E1ABBA59D00EFD10F /* RichStyleLabel.h */,
				F7EBB46F1ABBA59D00EFD10F /* RichStyleLabel.m */,
			);
			path = RichStyleLabel;
			sourceTree = "<group>";
		};
		F7EF354D1A9EBD8700FEE796 /* Models */ = {
			isa = PBXGroup;
			children = (
				F7EF354E1A9EBDBE00FEE796 /* MyDreamModel.h */,
				F7EF354F1A9EBDBE00FEE796 /* MyDreamModel.m */,
				F96523E11ABFBB0F00AFDEEE /* PlanModel.h */,
				F96523E21ABFBB0F00AFDEEE /* PlanModel.m */,
				F9AC18181AC940AB003A6A65 /* PerformModel.h */,
				F9AC18191AC940AB003A6A65 /* PerformModel.m */,
				F925F4721AC3A14F0036CD7A /* MessageModel.h */,
				F925F4731AC3A14F0036CD7A /* MessageModel.m */,
				F925F4791AC3AB890036CD7A /* PageModel.h */,
				F925F47A1AC3AB890036CD7A /* PageModel.m */,
			);
			name = Models;
			path = ZKL/Models;
			sourceTree = "<group>";
		};
/* End PBXGroup section */

/* Begin PBXNativeTarget section */
		F7D09D011A6E4F3700332331 /* ZKL */ = {
			isa = PBXNativeTarget;
			buildConfigurationList = F7D09D251A6E4F3700332331 /* Build configuration list for PBXNativeTarget "ZKL" */;
			buildPhases = (
				2560740CB5D0E659047D7F01 /* Check Pods Manifest.lock */,
				F7D09CFE1A6E4F3700332331 /* Sources */,
				F7D09CFF1A6E4F3700332331 /* Frameworks */,
				F7D09D001A6E4F3700332331 /* Resources */,
				43C9FA9607A1BD9A73048689 /* Copy Pods Resources */,
			);
			buildRules = (
			);
			dependencies = (
			);
			name = ZKL;
			productName = ZKL;
			productReference = F7D09D021A6E4F3700332331 /* ZKL.app */;
			productType = "com.apple.product-type.application";
		};
		F7D09D1A1A6E4F3700332331 /* ZKLTests */ = {
			isa = PBXNativeTarget;
			buildConfigurationList = F7D09D281A6E4F3700332331 /* Build configuration list for PBXNativeTarget "ZKLTests" */;
			buildPhases = (
				F7D09D171A6E4F3700332331 /* Sources */,
				F7D09D181A6E4F3700332331 /* Frameworks */,
				F7D09D191A6E4F3700332331 /* Resources */,
			);
			buildRules = (
			);
			dependencies = (
				F7D09D1D1A6E4F3700332331 /* PBXTargetDependency */,
			);
			name = ZKLTests;
			productName = ZKLTests;
			productReference = F7D09D1B1A6E4F3700332331 /* ZKLTests.xctest */;
			productType = "com.apple.product-type.bundle.unit-test";
		};
/* End PBXNativeTarget section */

/* Begin PBXProject section */
		F7D09CFA1A6E4F3700332331 /* Project object */ = {
			isa = PBXProject;
			attributes = {
				LastUpgradeCheck = 0610;
				ORGANIZATIONNAME = EMCC;
				TargetAttributes = {
					F7D09D011A6E4F3700332331 = {
						CreatedOnToolsVersion = 6.1;
					};
					F7D09D1A1A6E4F3700332331 = {
						CreatedOnToolsVersion = 6.1;
						TestTargetID = F7D09D011A6E4F3700332331;
					};
				};
			};
			buildConfigurationList = F7D09CFD1A6E4F3700332331 /* Build configuration list for PBXProject "ZKL" */;
			compatibilityVersion = "Xcode 3.2";
			developmentRegion = English;
			hasScannedForEncodings = 0;
			knownRegions = (
				en,
				Base,
			);
			mainGroup = F7D09CF91A6E4F3700332331;
			productRefGroup = F7D09D031A6E4F3700332331 /* Products */;
			projectDirPath = "";
			projectRoot = "";
			targets = (
				F7D09D011A6E4F3700332331 /* ZKL */,
				F7D09D1A1A6E4F3700332331 /* ZKLTests */,
			);
		};
/* End PBXProject section */

/* Begin PBXResourcesBuildPhase section */
		F7D09D001A6E4F3700332331 /* Resources */ = {
			isa = PBXResourcesBuildPhase;
			buildActionMask = 2147483647;
			files = (
				F7D33C981A70D8E400A6487A /* SelfControl.storyboard in Resources */,
				F7ACCF221A71EF3300ABAA69 /* HomeView.xib in Resources */,
				F7EBB4751ABBB32700EFD10F /* HeaderCell.xib in Resources */,
				F7D09D111A6E4F3700332331 /* Main.storyboard in Resources */,
				F7D165001AA019F20085F73B /* Default-568h@2x.png in Resources */,
				F7D09D161A6E4F3700332331 /* LaunchScreen.xib in Resources */,
				F7D33C941A70D88900A6487A /* PersonCenter.storyboard in Resources */,
				F7D33C961A70D8C700A6487A /* Club.storyboard in Resources */,
				F7D09D131A6E4F3700332331 /* Images.xcassets in Resources */,
				F7D164FE1AA00B1F0085F73B /* EditTime.xib in Resources */,
				F7D09DEF1A6E518100332331 /* JHRefresh.bundle in Resources */,
				F7AEF8841AC24218000A9142 /* PublicStoryboard.storyboard in Resources */,
				F7BDC40C1AA05D92008A1BD0 /* CalendarVC.storyboard in Resources */,
				F7F02E3C1ABA631F0095EA2E /* ChartView.xib in Resources */,
				F76B08FC1ADDFE1900DED1D0 /* 兰亭黑 GBK.TTF in Resources */,
			);
			runOnlyForDeploymentPostprocessing = 0;
		};
		F7D09D191A6E4F3700332331 /* Resources */ = {
			isa = PBXResourcesBuildPhase;
			buildActionMask = 2147483647;
			files = (
			);
			runOnlyForDeploymentPostprocessing = 0;
		};
/* End PBXResourcesBuildPhase section */

/* Begin PBXShellScriptBuildPhase section */
		2560740CB5D0E659047D7F01 /* Check Pods Manifest.lock */ = {
			isa = PBXShellScriptBuildPhase;
			buildActionMask = 2147483647;
			files = (
			);
			inputPaths = (
			);
			name = "Check Pods Manifest.lock";
			outputPaths = (
			);
			runOnlyForDeploymentPostprocessing = 0;
			shellPath = /bin/sh;
			shellScript = "diff \"${PODS_ROOT}/../Podfile.lock\" \"${PODS_ROOT}/Manifest.lock\" > /dev/null\nif [[ $? != 0 ]] ; then\n    cat << EOM\nerror: The sandbox is not in sync with the Podfile.lock. Run 'pod install' or update your CocoaPods installation.\nEOM\n    exit 1\nfi\n";
			showEnvVarsInLog = 0;
		};
		43C9FA9607A1BD9A73048689 /* Copy Pods Resources */ = {
			isa = PBXShellScriptBuildPhase;
			buildActionMask = 2147483647;
			files = (
			);
			inputPaths = (
			);
			name = "Copy Pods Resources";
			outputPaths = (
			);
			runOnlyForDeploymentPostprocessing = 0;
			shellPath = /bin/sh;
			shellScript = "\"${SRCROOT}/Pods/Target Support Files/Pods/Pods-resources.sh\"\n";
			showEnvVarsInLog = 0;
		};
/* End PBXShellScriptBuildPhase section */

/* Begin PBXSourcesBuildPhase section */
		F7D09CFE1A6E4F3700332331 /* Sources */ = {
			isa = PBXSourcesBuildPhase;
			buildActionMask = 2147483647;
			files = (
				F7D09DCA1A6E518100332331 /* NSData+AES.m in Sources */,
				F9AC181A1AC940AB003A6A65 /* PerformModel.m in Sources */,
				F7AEF88D1AC2427D000A9142 /* RegisterVC.m in Sources */,
				F7EBB47E1ABBCF9D00EFD10F /* DoingShowView.m in Sources */,
				F7D09DF61A6E518100332331 /* UIView+JHExtension.m in Sources */,
				F7D09DF21A6E518100332331 /* JHRefreshFooterView.m in Sources */,
				F7D09DF71A6E518100332331 /* CycleScrollView.m in Sources */,
				F7D09DE71A6E518100332331 /* JGProgressHUDFadeZoomAnimation.m in Sources */,
				F7D09D0B1A6E4F3700332331 /* AppDelegate.m in Sources */,
				F7BF99441ABFAA780000B445 /* DoneShowView.m in Sources */,
				F7D09DC41A6E518100332331 /* MyTabBarItem.m in Sources */,
				F7D09E051A6E542700332331 /* BaseViewController.m in Sources */,
				F7D09DE41A6E518100332331 /* JGProgressHUD.m in Sources */,
				F7D09DEC1A6E518100332331 /* JHRefreshAmazingAniView.m in Sources */,
				F7BF99471ABFE81C0000B445 /* ProgressLineView.m in Sources */,
				F7D09DC31A6E518100332331 /* MyTabbarController.m in Sources */,
				F7D09DF41A6E518100332331 /* UIScrollView+JHExtension.m in Sources */,
				F7D33C9B1A70DF2A00A6487A /* HomeView.m in Sources */,
				F7D09DE51A6E518100332331 /* JGProgressHUDAnimation.m in Sources */,
				F7EF35561A9EC3B800FEE796 /* Mydate.m in Sources */,
				F75C59991A9D95F7006EC998 /* WhiteBlackTextFiled.m in Sources */,
				F7D09DEB1A6E518100332331 /* JGProgressHUDRingIndicatorView.m in Sources */,
				F7D09DEE1A6E518100332331 /* JHRefreshCommonAniView.m in Sources */,
				F7D09DC81A6E518100332331 /* UserInfo.m in Sources */,
				F7B167131AA1A6BE000B84D1 /* DayButton.m in Sources */,
				F7D09DF01A6E518100332331 /* JHRefreshBaseView.m in Sources */,
				F7BDC4151AA068FA008A1BD0 /* CanlendarView.m in Sources */,
				F7D09DC91A6E518100332331 /* Utities.m in Sources */,
				F7D09DEA1A6E518100332331 /* JGProgressHUDPieIndicatorView.m in Sources */,
				F7D09DCB1A6E518100332331 /* NSString+AES.m in Sources */,
				F7AEF88C1AC2427D000A9142 /* MyWebView.m in Sources */,
				F925F47B1AC3AB890036CD7A /* PageModel.m in Sources */,
				F7EF35501A9EBDBE00FEE796 /* MyDreamModel.m in Sources */,
				F75C59961A9D64B3006EC998 /* AddDreamVC.m in Sources */,
				F7D09DF31A6E518100332331 /* JHRefreshHeaderView.m in Sources */,
				F7F02E431ABAB41C0095EA2E /* SettingVC.m in Sources */,
				F7ACCF2A1A7243D600ABAA69 /* HomeControlVC.m in Sources */,
				F96523E31ABFBB0F00AFDEEE /* PlanModel.m in Sources */,
				F7D4B8D71ACD300600AABB2F /* SQLManager.m in Sources */,
				F7EBB4701ABBA59D00EFD10F /* RichStyleLabel.m in Sources */,
				F7D09DE91A6E518100332331 /* JGProgressHUDIndicatorView.m in Sources */,
				F7D09DC61A6E518100332331 /* NSDictionary+safeObjectForKey.m in Sources */,
				F925F4741AC3A14F0036CD7A /* MessageModel.m in Sources */,
				F7D09DED1A6E518100332331 /* JHRefreshAniBaseView.m in Sources */,
				F7D164FC1AA00AF70085F73B /* EditTime.m in Sources */,
				F7D09DF51A6E518100332331 /* UIScrollView+JHRefresh.m in Sources */,
				F7EF35531A9EC01A00FEE796 /* TextInHomeView.m in Sources */,
				F7D09DE81A6E518100332331 /* JGProgressHUDIndeterminateIndicatorView.m in Sources */,
				F7ACCF271A7241D100ABAA69 /* DreamTime.m in Sources */,
				F7D09DF81A6E518100332331 /* NSTimer+Addition.m in Sources */,
				F7D09D081A6E4F3700332331 /* main.m in Sources */,
				F7D09DE61A6E518100332331 /* JGProgressHUDFadeAnimation.m in Sources */,
				F7EBB4781ABBBB9200EFD10F /* DoingVC.m in Sources */,
				F7D09DC51A6E518100332331 /* MyTextField.m in Sources */,
				F7EBB47B1ABBBB9F00EFD10F /* DoneVC.m in Sources */,
				F7C987411A77195F001AE3DA /* ProgressCricleView.m in Sources */,
				F7D09DC21A6E518100332331 /* MyNavigationController.m in Sources */,
				F7EBB4741ABBB32700EFD10F /* HeaderCell.m in Sources */,
				F7F02E3A1ABA620E0095EA2E /* ChartView.m in Sources */,
				F7D09DC71A6E518100332331 /* TimeLabel.m in Sources */,
				F7D09E081A6E57E300332331 /* MainViewController.m in Sources */,
				F7D09DFF1A6E518100332331 /* KDPreView.m in Sources */,
				F7EF35591A9F066300FEE796 /* ImageButton.m in Sources */,
				F79F809C1A7F443000FDA3F9 /* ProgressRectView.m in Sources */,
				F7AEF88B1AC2427D000A9142 /* LoginVC.m in Sources */,
				F7B1671B1AA1A9CE000B84D1 /* NSDate+Agenda.m in Sources */,
				F7D09DC01A6E518100332331 /* FileManager.m in Sources */,
				F7B1670D1AA188D0000B84D1 /* CustomModel.m in Sources */,
				F7BDC40F1AA05DD8008A1BD0 /* CalendarVC.m in Sources */,
				F7D09DC11A6E518100332331 /* MyButton.m in Sources */,
				F7D09DF11A6E518100332331 /* JHRefreshConfig.m in Sources */,
			);
			runOnlyForDeploymentPostprocessing = 0;
		};
		F7D09D171A6E4F3700332331 /* Sources */ = {
			isa = PBXSourcesBuildPhase;
			buildActionMask = 2147483647;
			files = (
				F7D09D221A6E4F3700332331 /* ZKLTests.m in Sources */,
			);
			runOnlyForDeploymentPostprocessing = 0;
		};
/* End PBXSourcesBuildPhase section */

/* Begin PBXTargetDependency section */
		F7D09D1D1A6E4F3700332331 /* PBXTargetDependency */ = {
			isa = PBXTargetDependency;
			target = F7D09D011A6E4F3700332331 /* ZKL */;
			targetProxy = F7D09D1C1A6E4F3700332331 /* PBXContainerItemProxy */;
		};
/* End PBXTargetDependency section */

/* Begin PBXVariantGroup section */
		F7D09D0F1A6E4F3700332331 /* Main.storyboard */ = {
			isa = PBXVariantGroup;
			children = (
				F7D09D101A6E4F3700332331 /* Base */,
			);
			name = Main.storyboard;
			sourceTree = "<group>";
		};
		F7D09D141A6E4F3700332331 /* LaunchScreen.xib */ = {
			isa = PBXVariantGroup;
			children = (
				F7D09D151A6E4F3700332331 /* Base */,
			);
			name = LaunchScreen.xib;
			sourceTree = "<group>";
		};
/* End PBXVariantGroup section */

/* Begin XCBuildConfiguration section */
		F7D09D231A6E4F3700332331 /* Debug */ = {
			isa = XCBuildConfiguration;
			buildSettings = {
				ALWAYS_SEARCH_USER_PATHS = NO;
				CLANG_CXX_LANGUAGE_STANDARD = "gnu++0x";
				CLANG_CXX_LIBRARY = "libc++";
				CLANG_ENABLE_MODULES = YES;
				CLANG_ENABLE_OBJC_ARC = YES;
				CLANG_WARN_BOOL_CONVERSION = YES;
				CLANG_WARN_CONSTANT_CONVERSION = YES;
				CLANG_WARN_DIRECT_OBJC_ISA_USAGE = YES_ERROR;
				CLANG_WARN_EMPTY_BODY = YES;
				CLANG_WARN_ENUM_CONVERSION = YES;
				CLANG_WARN_INT_CONVERSION = YES;
				CLANG_WARN_OBJC_ROOT_CLASS = YES_ERROR;
				CLANG_WARN_UNREACHABLE_CODE = YES;
				CLANG_WARN__DUPLICATE_METHOD_MATCH = YES;
				"CODE_SIGN_IDENTITY[sdk=iphoneos*]" = "iPhone Developer";
				COPY_PHASE_STRIP = NO;
				ENABLE_STRICT_OBJC_MSGSEND = YES;
				GCC_C_LANGUAGE_STANDARD = gnu99;
				GCC_DYNAMIC_NO_PIC = NO;
				GCC_OPTIMIZATION_LEVEL = 0;
				GCC_PREPROCESSOR_DEFINITIONS = (
					"DEBUG=1",
					"$(inherited)",
				);
				GCC_SYMBOLS_PRIVATE_EXTERN = NO;
				GCC_WARN_64_TO_32_BIT_CONVERSION = YES;
				GCC_WARN_ABOUT_RETURN_TYPE = YES_ERROR;
				GCC_WARN_UNDECLARED_SELECTOR = YES;
				GCC_WARN_UNINITIALIZED_AUTOS = YES_AGGRESSIVE;
				GCC_WARN_UNUSED_FUNCTION = YES;
				GCC_WARN_UNUSED_VARIABLE = YES;
				IPHONEOS_DEPLOYMENT_TARGET = 8.1;
				MTL_ENABLE_DEBUG_INFO = YES;
				ONLY_ACTIVE_ARCH = YES;
				SDKROOT = iphoneos;
			};
			name = Debug;
		};
		F7D09D241A6E4F3700332331 /* Release */ = {
			isa = XCBuildConfiguration;
			buildSettings = {
				ALWAYS_SEARCH_USER_PATHS = NO;
				CLANG_CXX_LANGUAGE_STANDARD = "gnu++0x";
				CLANG_CXX_LIBRARY = "libc++";
				CLANG_ENABLE_MODULES = YES;
				CLANG_ENABLE_OBJC_ARC = YES;
				CLANG_WARN_BOOL_CONVERSION = YES;
				CLANG_WARN_CONSTANT_CONVERSION = YES;
				CLANG_WARN_DIRECT_OBJC_ISA_USAGE = YES_ERROR;
				CLANG_WARN_EMPTY_BODY = YES;
				CLANG_WARN_ENUM_CONVERSION = YES;
				CLANG_WARN_INT_CONVERSION = YES;
				CLANG_WARN_OBJC_ROOT_CLASS = YES_ERROR;
				CLANG_WARN_UNREACHABLE_CODE = YES;
				CLANG_WARN__DUPLICATE_METHOD_MATCH = YES;
				"CODE_SIGN_IDENTITY[sdk=iphoneos*]" = "iPhone Developer";
				COPY_PHASE_STRIP = YES;
				ENABLE_NS_ASSERTIONS = NO;
				ENABLE_STRICT_OBJC_MSGSEND = YES;
				GCC_C_LANGUAGE_STANDARD = gnu99;
				GCC_WARN_64_TO_32_BIT_CONVERSION = YES;
				GCC_WARN_ABOUT_RETURN_TYPE = YES_ERROR;
				GCC_WARN_UNDECLARED_SELECTOR = YES;
				GCC_WARN_UNINITIALIZED_AUTOS = YES_AGGRESSIVE;
				GCC_WARN_UNUSED_FUNCTION = YES;
				GCC_WARN_UNUSED_VARIABLE = YES;
				IPHONEOS_DEPLOYMENT_TARGET = 8.1;
				MTL_ENABLE_DEBUG_INFO = NO;
				SDKROOT = iphoneos;
				VALIDATE_PRODUCT = YES;
			};
			name = Release;
		};
		F7D09D261A6E4F3700332331 /* Debug */ = {
			isa = XCBuildConfiguration;
			baseConfigurationReference = C04D8267727ED642C92248FF /* Pods.debug.xcconfig */;
			buildSettings = {
				ASSETCATALOG_COMPILER_APPICON_NAME = AppIcon;
				GCC_PREFIX_HEADER = ZKL/PublicFile.h;
				INFOPLIST_FILE = ZKL/Info.plist;
				IPHONEOS_DEPLOYMENT_TARGET = 7.0;
				LD_RUNPATH_SEARCH_PATHS = "$(inherited) @executable_path/Frameworks";
				PRODUCT_NAME = "$(TARGET_NAME)";
				TARGETED_DEVICE_FAMILY = "1,2";
			};
			name = Debug;
		};
		F7D09D271A6E4F3700332331 /* Release */ = {
			isa = XCBuildConfiguration;
			baseConfigurationReference = 173E3982BD6B614786560469 /* Pods.release.xcconfig */;
			buildSettings = {
				ASSETCATALOG_COMPILER_APPICON_NAME = AppIcon;
				GCC_PREFIX_HEADER = ZKL/PublicFile.h;
				INFOPLIST_FILE = ZKL/Info.plist;
				IPHONEOS_DEPLOYMENT_TARGET = 7.0;
				LD_RUNPATH_SEARCH_PATHS = "$(inherited) @executable_path/Frameworks";
				PRODUCT_NAME = "$(TARGET_NAME)";
				TARGETED_DEVICE_FAMILY = "1,2";
			};
			name = Release;
		};
		F7D09D291A6E4F3700332331 /* Debug */ = {
			isa = XCBuildConfiguration;
			buildSettings = {
				BUNDLE_LOADER = "$(TEST_HOST)";
				FRAMEWORK_SEARCH_PATHS = (
					"$(SDKROOT)/Developer/Library/Frameworks",
					"$(inherited)",
				);
				GCC_PREPROCESSOR_DEFINITIONS = (
					"DEBUG=1",
					"$(inherited)",
				);
				INFOPLIST_FILE = ZKLTests/Info.plist;
				LD_RUNPATH_SEARCH_PATHS = "$(inherited) @executable_path/Frameworks @loader_path/Frameworks";
				PRODUCT_NAME = "$(TARGET_NAME)";
				TEST_HOST = "$(BUILT_PRODUCTS_DIR)/ZKL.app/ZKL";
			};
			name = Debug;
		};
		F7D09D2A1A6E4F3700332331 /* Release */ = {
			isa = XCBuildConfiguration;
			buildSettings = {
				BUNDLE_LOADER = "$(TEST_HOST)";
				FRAMEWORK_SEARCH_PATHS = (
					"$(SDKROOT)/Developer/Library/Frameworks",
					"$(inherited)",
				);
				INFOPLIST_FILE = ZKLTests/Info.plist;
				LD_RUNPATH_SEARCH_PATHS = "$(inherited) @executable_path/Frameworks @loader_path/Frameworks";
				PRODUCT_NAME = "$(TARGET_NAME)";
				TEST_HOST = "$(BUILT_PRODUCTS_DIR)/ZKL.app/ZKL";
			};
			name = Release;
		};
/* End XCBuildConfiguration section */

/* Begin XCConfigurationList section */
		F7D09CFD1A6E4F3700332331 /* Build configuration list for PBXProject "ZKL" */ = {
			isa = XCConfigurationList;
			buildConfigurations = (
				F7D09D231A6E4F3700332331 /* Debug */,
				F7D09D241A6E4F3700332331 /* Release */,
			);
			defaultConfigurationIsVisible = 0;
			defaultConfigurationName = Release;
		};
		F7D09D251A6E4F3700332331 /* Build configuration list for PBXNativeTarget "ZKL" */ = {
			isa = XCConfigurationList;
			buildConfigurations = (
				F7D09D261A6E4F3700332331 /* Debug */,
				F7D09D271A6E4F3700332331 /* Release */,
			);
			defaultConfigurationIsVisible = 0;
			defaultConfigurationName = Release;
		};
		F7D09D281A6E4F3700332331 /* Build configuration list for PBXNativeTarget "ZKLTests" */ = {
			isa = XCConfigurationList;
			buildConfigurations = (
				F7D09D291A6E4F3700332331 /* Debug */,
				F7D09D2A1A6E4F3700332331 /* Release */,
			);
			defaultConfigurationIsVisible = 0;
			defaultConfigurationName = Release;
		};
/* End XCConfigurationList section */
	};
	rootObject = F7D09CFA1A6E4F3700332331 /* Project object */;
}
