// !$*UTF8*$!
{
	archiveVersion = 1;
	classes = {
	};
	objectVersion = 46;
	objects = {

/* Begin PBXBuildFile section */
		F7D09D081A6E4F3700332331 /* main.m in Sources */ = {isa = PBXBuildFile; fileRef = F7D09D071A6E4F3700332331 /* main.m */; };
		F7D09D0B1A6E4F3700332331 /* AppDelegate.m in Sources */ = {isa = PBXBuildFile; fileRef = F7D09D0A1A6E4F3700332331 /* AppDelegate.m */; };
		F7D09D0E1A6E4F3700332331 /* ViewController.m in Sources */ = {isa = PBXBuildFile; fileRef = F7D09D0D1A6E4F3700332331 /* ViewController.m */; };
		F7D09D111A6E4F3700332331 /* Main.storyboard in Resources */ = {isa = PBXBuildFile; fileRef = F7D09D0F1A6E4F3700332331 /* Main.storyboard */; };
		F7D09D131A6E4F3700332331 /* Images.xcassets in Resources */ = {isa = PBXBuildFile; fileRef = F7D09D121A6E4F3700332331 /* Images.xcassets */; };
		F7D09D161A6E4F3700332331 /* LaunchScreen.xib in Resources */ = {isa = PBXBuildFile; fileRef = F7D09D141A6E4F3700332331 /* LaunchScreen.xib */; };
		F7D09D221A6E4F3700332331 /* ZKLTests.m in Sources */ = {isa = PBXBuildFile; fileRef = F7D09D211A6E4F3700332331 /* ZKLTests.m */; };
/* End PBXBuildFile section */

/* Begin PBXContainerItemProxy section */
		F7D09D1C1A6E4F3700332331 /* PBXContainerItemProxy */ = {
			isa = PBXContainerItemProxy;
			containerPortal = F7D09CFA1A6E4F3700332331 /* Project object */;
			proxyType = 1;
			remoteGlobalIDString = F7D09D011A6E4F3700332331;
			remoteInfo = ZKL;
		};
/* End PBXContainerItemProxy section */

/* Begin PBXFileReference section */
		F7D09D021A6E4F3700332331 /* ZKL.app */ = {isa = PBXFileReference; explicitFileType = wrapper.application; includeInIndex = 0; path = ZKL.app; sourceTree = BUILT_PRODUCTS_DIR; };
		F7D09D061A6E4F3700332331 /* Info.plist */ = {isa = PBXFileReference; lastKnownFileType = text.plist.xml; path = Info.plist; sourceTree = "<group>"; };
		F7D09D071A6E4F3700332331 /* main.m */ = {isa = PBXFileReference; lastKnownFileType = sourcecode.c.objc; path = main.m; sourceTree = "<group>"; };
		F7D09D091A6E4F3700332331 /* AppDelegate.h */ = {isa = PBXFileReference; lastKnownFileType = sourcecode.c.h; path = AppDelegate.h; sourceTree = "<group>"; };
		F7D09D0A1A6E4F3700332331 /* AppDelegate.m */ = {isa = PBXFileReference; lastKnownFileType = sourcecode.c.objc; path = AppDelegate.m; sourceTree = "<group>"; };
		F7D09D0C1A6E4F3700332331 /* ViewController.h */ = {isa = PBXFileReference; lastKnownFileType = sourcecode.c.h; path = ViewController.h; sourceTree = "<group>"; };
		F7D09D0D1A6E4F3700332331 /* ViewController.m */ = {isa = PBXFileReference; lastKnownFileType = sourcecode.c.objc; path = ViewController.m; sourceTree = "<group>"; };
		F7D09D101A6E4F3700332331 /* Base */ = {isa = PBXFileReference; lastKnownFileType = file.storyboard; name = Base; path = Base.lproj/Main.storyboard; sourceTree = "<group>"; };
		F7D09D121A6E4F3700332331 /* Images.xcassets */ = {isa = PBXFileReference; lastKnownFileType = folder.assetcatalog; path = Images.xcassets; sourceTree = "<group>"; };
		F7D09D151A6E4F3700332331 /* Base */ = {isa = PBXFileReference; lastKnownFileType = file.xib; name = Base; path = Base.lproj/LaunchScreen.xib; sourceTree = "<group>"; };
		F7D09D1B1A6E4F3700332331 /* ZKLTests.xctest */ = {isa = PBXFileReference; explicitFileType = wrapper.cfbundle; includeInIndex = 0; path = ZKLTests.xctest; sourceTree = BUILT_PRODUCTS_DIR; };
		F7D09D201A6E4F3700332331 /* Info.plist */ = {isa = PBXFileReference; lastKnownFileType = text.plist.xml; path = Info.plist; sourceTree = "<group>"; };
		F7D09D211A6E4F3700332331 /* ZKLTests.m */ = {isa = PBXFileReference; lastKnownFileType = sourcecode.c.objc; path = ZKLTests.m; sourceTree = "<group>"; };
/* End PBXFileReference section */

/* Begin PBXFrameworksBuildPhase section */
		F7D09CFF1A6E4F3700332331 /* Frameworks */ = {
			isa = PBXFrameworksBuildPhase;
			buildActionMask = 2147483647;
			files = (
			);
			runOnlyForDeploymentPostprocessing = 0;
		};
		F7D09D181A6E4F3700332331 /* Frameworks */ = {
			isa = PBXFrameworksBuildPhase;
			buildActionMask = 2147483647;
			files = (
			);
			runOnlyForDeploymentPostprocessing = 0;
		};
/* End PBXFrameworksBuildPhase section */

/* Begin PBXGroup section */
		F7D09CF91A6E4F3700332331 = {
			isa = PBXGroup;
			children = (
				F7D09D041A6E4F3700332331 /* ZKL */,
				F7D09D1E1A6E4F3700332331 /* ZKLTests */,
				F7D09D031A6E4F3700332331 /* Products */,
			);
			sourceTree = "<group>";
		};
		F7D09D031A6E4F3700332331 /* Products */ = {
			isa = PBXGroup;
			children = (
				F7D09D021A6E4F3700332331 /* ZKL.app */,
				F7D09D1B1A6E4F3700332331 /* ZKLTests.xctest */,
			);
			name = Products;
			sourceTree = "<group>";
		};
		F7D09D041A6E4F3700332331 /* ZKL */ = {
			isa = PBXGroup;
			children = (
				F7D09D091A6E4F3700332331 /* AppDelegate.h */,
				F7D09D0A1A6E4F3700332331 /* AppDelegate.m */,
				F7D09D0C1A6E4F3700332331 /* ViewController.h */,
				F7D09D0D1A6E4F3700332331 /* ViewController.m */,
				F7D09D0F1A6E4F3700332331 /* Main.storyboard */,
				F7D09D121A6E4F3700332331 /* Images.xcassets */,
				F7D09D141A6E4F3700332331 /* LaunchScreen.xib */,
				F7D09D051A6E4F3700332331 /* Supporting Files */,
			);
			path = ZKL;
			sourceTree = "<group>";
		};
		F7D09D051A6E4F3700332331 /* Supporting Files */ = {
			isa = PBXGroup;
			children = (
				F7D09D061A6E4F3700332331 /* Info.plist */,
				F7D09D071A6E4F3700332331 /* main.m */,
			);
			name = "Supporting Files";
			sourceTree = "<group>";
		};
		F7D09D1E1A6E4F3700332331 /* ZKLTests */ = {
			isa = PBXGroup;
			children = (
				F7D09D211A6E4F3700332331 /* ZKLTests.m */,
				F7D09D1F1A6E4F3700332331 /* Supporting Files */,
			);
			path = ZKLTests;
			sourceTree = "<group>";
		};
		F7D09D1F1A6E4F3700332331 /* Supporting Files */ = {
			isa = PBXGroup;
			children = (
				F7D09D201A6E4F3700332331 /* Info.plist */,
			);
			name = "Supporting Files";
			sourceTree = "<group>";
		};
/* End PBXGroup section */

/* Begin PBXNativeTarget section */
		F7D09D011A6E4F3700332331 /* ZKL */ = {
			isa = PBXNativeTarget;
			buildConfigurationList = F7D09D251A6E4F3700332331 /* Build configuration list for PBXNativeTarget "ZKL" */;
			buildPhases = (
				F7D09CFE1A6E4F3700332331 /* Sources */,
				F7D09CFF1A6E4F3700332331 /* Frameworks */,
				F7D09D001A6E4F3700332331 /* Resources */,
			);
			buildRules = (
			);
			dependencies = (
			);
			name = ZKL;
			productName = ZKL;
			productReference = F7D09D021A6E4F3700332331 /* ZKL.app */;
			productType = "com.apple.product-type.application";
		};
		F7D09D1A1A6E4F3700332331 /* ZKLTests */ = {
			isa = PBXNativeTarget;
			buildConfigurationList = F7D09D281A6E4F3700332331 /* Build configuration list for PBXNativeTarget "ZKLTests" */;
			buildPhases = (
				F7D09D171A6E4F3700332331 /* Sources */,
				F7D09D181A6E4F3700332331 /* Frameworks */,
				F7D09D191A6E4F3700332331 /* Resources */,
			);
			buildRules = (
			);
			dependencies = (
				F7D09D1D1A6E4F3700332331 /* PBXTargetDependency */,
			);
			name = ZKLTests;
			productName = ZKLTests;
			productReference = F7D09D1B1A6E4F3700332331 /* ZKLTests.xctest */;
			productType = "com.apple.product-type.bundle.unit-test";
		};
/* End PBXNativeTarget section */

/* Begin PBXProject section */
		F7D09CFA1A6E4F3700332331 /* Project object */ = {
			isa = PBXProject;
			attributes = {
				LastUpgradeCheck = 0610;
				ORGANIZATIONNAME = EMCC;
				TargetAttributes = {
					F7D09D011A6E4F3700332331 = {
						CreatedOnToolsVersion = 6.1;
					};
					F7D09D1A1A6E4F3700332331 = {
						CreatedOnToolsVersion = 6.1;
						TestTargetID = F7D09D011A6E4F3700332331;
					};
				};
			};
			buildConfigurationList = F7D09CFD1A6E4F3700332331 /* Build configuration list for PBXProject "ZKL" */;
			compatibilityVersion = "Xcode 3.2";
			developmentRegion = English;
			hasScannedForEncodings = 0;
			knownRegions = (
				en,
				Base,
			);
			mainGroup = F7D09CF91A6E4F3700332331;
			productRefGroup = F7D09D031A6E4F3700332331 /* Products */;
			projectDirPath = "";
			projectRoot = "";
			targets = (
				F7D09D011A6E4F3700332331 /* ZKL */,
				F7D09D1A1A6E4F3700332331 /* ZKLTests */,
			);
		};
/* End PBXProject section */

/* Begin PBXResourcesBuildPhase section */
		F7D09D001A6E4F3700332331 /* Resources */ = {
			isa = PBXResourcesBuildPhase;
			buildActionMask = 2147483647;
			files = (
				F7D09D111A6E4F3700332331 /* Main.storyboard in Resources */,
				F7D09D161A6E4F3700332331 /* LaunchScreen.xib in Resources */,
				F7D09D131A6E4F3700332331 /* Images.xcassets in Resources */,
			);
			runOnlyForDeploymentPostprocessing = 0;
		};
		F7D09D191A6E4F3700332331 /* Resources */ = {
			isa = PBXResourcesBuildPhase;
			buildActionMask = 2147483647;
			files = (
			);
			runOnlyForDeploymentPostprocessing = 0;
		};
/* End PBXResourcesBuildPhase section */

/* Begin PBXSourcesBuildPhase section */
		F7D09CFE1A6E4F3700332331 /* Sources */ = {
			isa = PBXSourcesBuildPhase;
			buildActionMask = 2147483647;
			files = (
				F7D09D0E1A6E4F3700332331 /* ViewController.m in Sources */,
				F7D09D0B1A6E4F3700332331 /* AppDelegate.m in Sources */,
				F7D09D081A6E4F3700332331 /* main.m in Sources */,
			);
			runOnlyForDeploymentPostprocessing = 0;
		};
		F7D09D171A6E4F3700332331 /* Sources */ = {
			isa = PBXSourcesBuildPhase;
			buildActionMask = 2147483647;
			files = (
				F7D09D221A6E4F3700332331 /* ZKLTests.m in Sources */,
			);
			runOnlyForDeploymentPostprocessing = 0;
		};
/* End PBXSourcesBuildPhase section */

/* Begin PBXTargetDependency section */
		F7D09D1D1A6E4F3700332331 /* PBXTargetDependency */ = {
			isa = PBXTargetDependency;
			target = F7D09D011A6E4F3700332331 /* ZKL */;
			targetProxy = F7D09D1C1A6E4F3700332331 /* PBXContainerItemProxy */;
		};
/* End PBXTargetDependency section */

/* Begin PBXVariantGroup section */
		F7D09D0F1A6E4F3700332331 /* Main.storyboard */ = {
			isa = PBXVariantGroup;
			children = (
				F7D09D101A6E4F3700332331 /* Base */,
			);
			name = Main.storyboard;
			sourceTree = "<group>";
		};
		F7D09D141A6E4F3700332331 /* LaunchScreen.xib */ = {
			isa = PBXVariantGroup;
			children = (
				F7D09D151A6E4F3700332331 /* Base */,
			);
			name = LaunchScreen.xib;
			sourceTree = "<group>";
		};
/* End PBXVariantGroup section */

/* Begin XCBuildConfiguration section */
		F7D09D231A6E4F3700332331 /* Debug */ = {
			isa = XCBuildConfiguration;
			buildSettings = {
				ALWAYS_SEARCH_USER_PATHS = NO;
				CLANG_CXX_LANGUAGE_STANDARD = "gnu++0x";
				CLANG_CXX_LIBRARY = "libc++";
				CLANG_ENABLE_MODULES = YES;
				CLANG_ENABLE_OBJC_ARC = YES;
				CLANG_WARN_BOOL_CONVERSION = YES;
				CLANG_WARN_CONSTANT_CONVERSION = YES;
				CLANG_WARN_DIRECT_OBJC_ISA_USAGE = YES_ERROR;
				CLANG_WARN_EMPTY_BODY = YES;
				CLANG_WARN_ENUM_CONVERSION = YES;
				CLANG_WARN_INT_CONVERSION = YES;
				CLANG_WARN_OBJC_ROOT_CLASS = YES_ERROR;
				CLANG_WARN_UNREACHABLE_CODE = YES;
				CLANG_WARN__DUPLICATE_METHOD_MATCH = YES;
				"CODE_SIGN_IDENTITY[sdk=iphoneos*]" = "iPhone Developer";
				COPY_PHASE_STRIP = NO;
				ENABLE_STRICT_OBJC_MSGSEND = YES;
				GCC_C_LANGUAGE_STANDARD = gnu99;
				GCC_DYNAMIC_NO_PIC = NO;
				GCC_OPTIMIZATION_LEVEL = 0;
				GCC_PREPROCESSOR_DEFINITIONS = (
					"DEBUG=1",
					"$(inherited)",
				);
				GCC_SYMBOLS_PRIVATE_EXTERN = NO;
				GCC_WARN_64_TO_32_BIT_CONVERSION = YES;
				GCC_WARN_ABOUT_RETURN_TYPE = YES_ERROR;
				GCC_WARN_UNDECLARED_SELECTOR = YES;
				GCC_WARN_UNINITIALIZED_AUTOS = YES_AGGRESSIVE;
				GCC_WARN_UNUSED_FUNCTION = YES;
				GCC_WARN_UNUSED_VARIABLE = YES;
				IPHONEOS_DEPLOYMENT_TARGET = 8.1;
				MTL_ENABLE_DEBUG_INFO = YES;
				ONLY_ACTIVE_ARCH = YES;
				SDKROOT = iphoneos;
			};
			name = Debug;
		};
		F7D09D241A6E4F3700332331 /* Release */ = {
			isa = XCBuildConfiguration;
			buildSettings = {
				ALWAYS_SEARCH_USER_PATHS = NO;
				CLANG_CXX_LANGUAGE_STANDARD = "gnu++0x";
				CLANG_CXX_LIBRARY = "libc++";
				CLANG_ENABLE_MODULES = YES;
				CLANG_ENABLE_OBJC_ARC = YES;
				CLANG_WARN_BOOL_CONVERSION = YES;
				CLANG_WARN_CONSTANT_CONVERSION = YES;
				CLANG_WARN_DIRECT_OBJC_ISA_USAGE = YES_ERROR;
				CLANG_WARN_EMPTY_BODY = YES;
				CLANG_WARN_ENUM_CONVERSION = YES;
				CLANG_WARN_INT_CONVERSION = YES;
				CLANG_WARN_OBJC_ROOT_CLASS = YES_ERROR;
				CLANG_WARN_UNREACHABLE_CODE = YES;
				CLANG_WARN__DUPLICATE_METHOD_MATCH = YES;
				"CODE_SIGN_IDENTITY[sdk=iphoneos*]" = "iPhone Developer";
				COPY_PHASE_STRIP = YES;
				ENABLE_NS_ASSERTIONS = NO;
				ENABLE_STRICT_OBJC_MSGSEND = YES;
				GCC_C_LANGUAGE_STANDARD = gnu99;
				GCC_WARN_64_TO_32_BIT_CONVERSION = YES;
				GCC_WARN_ABOUT_RETURN_TYPE = YES_ERROR;
				GCC_WARN_UNDECLARED_SELECTOR = YES;
				GCC_WARN_UNINITIALIZED_AUTOS = YES_AGGRESSIVE;
				GCC_WARN_UNUSED_FUNCTION = YES;
				GCC_WARN_UNUSED_VARIABLE = YES;
				IPHONEOS_DEPLOYMENT_TARGET = 8.1;
				MTL_ENABLE_DEBUG_INFO = NO;
				SDKROOT = iphoneos;
				VALIDATE_PRODUCT = YES;
			};
			name = Release;
		};
		F7D09D261A6E4F3700332331 /* Debug */ = {
			isa = XCBuildConfiguration;
			buildSettings = {
				ASSETCATALOG_COMPILER_APPICON_NAME = AppIcon;
				INFOPLIST_FILE = ZKL/Info.plist;
				LD_RUNPATH_SEARCH_PATHS = "$(inherited) @executable_path/Frameworks";
				PRODUCT_NAME = "$(TARGET_NAME)";
			};
			name = Debug;
		};
		F7D09D271A6E4F3700332331 /* Release */ = {
			isa = XCBuildConfiguration;
			buildSettings = {
				ASSETCATALOG_COMPILER_APPICON_NAME = AppIcon;
				INFOPLIST_FILE = ZKL/Info.plist;
				LD_RUNPATH_SEARCH_PATHS = "$(inherited) @executable_path/Frameworks";
				PRODUCT_NAME = "$(TARGET_NAME)";
			};
			name = Release;
		};
		F7D09D291A6E4F3700332331 /* Debug */ = {
			isa = XCBuildConfiguration;
			buildSettings = {
				BUNDLE_LOADER = "$(TEST_HOST)";
				FRAMEWORK_SEARCH_PATHS = (
					"$(SDKROOT)/Developer/Library/Frameworks",
					"$(inherited)",
				);
				GCC_PREPROCESSOR_DEFINITIONS = (
					"DEBUG=1",
					"$(inherited)",
				);
				INFOPLIST_FILE = ZKLTests/Info.plist;
				LD_RUNPATH_SEARCH_PATHS = "$(inherited) @executable_path/Frameworks @loader_path/Frameworks";
				PRODUCT_NAME = "$(TARGET_NAME)";
				TEST_HOST = "$(BUILT_PRODUCTS_DIR)/ZKL.app/ZKL";
			};
			name = Debug;
		};
		F7D09D2A1A6E4F3700332331 /* Release */ = {
			isa = XCBuildConfiguration;
			buildSettings = {
				BUNDLE_LOADER = "$(TEST_HOST)";
				FRAMEWORK_SEARCH_PATHS = (
					"$(SDKROOT)/Developer/Library/Frameworks",
					"$(inherited)",
				);
				INFOPLIST_FILE = ZKLTests/Info.plist;
				LD_RUNPATH_SEARCH_PATHS = "$(inherited) @executable_path/Frameworks @loader_path/Frameworks";
				PRODUCT_NAME = "$(TARGET_NAME)";
				TEST_HOST = "$(BUILT_PRODUCTS_DIR)/ZKL.app/ZKL";
			};
			name = Release;
		};
/* End XCBuildConfiguration section */

/* Begin XCConfigurationList section */
		F7D09CFD1A6E4F3700332331 /* Build configuration list for PBXProject "ZKL" */ = {
			isa = XCConfigurationList;
			buildConfigurations = (
				F7D09D231A6E4F3700332331 /* Debug */,
				F7D09D241A6E4F3700332331 /* Release */,
			);
			defaultConfigurationIsVisible = 0;
			defaultConfigurationName = Release;
		};
		F7D09D251A6E4F3700332331 /* Build configuration list for PBXNativeTarget "ZKL" */ = {
			isa = XCConfigurationList;
			buildConfigurations = (
				F7D09D261A6E4F3700332331 /* Debug */,
				F7D09D271A6E4F3700332331 /* Release */,
			);
			defaultConfigurationIsVisible = 0;
		};
		F7D09D281A6E4F3700332331 /* Build configuration list for PBXNativeTarget "ZKLTests" */ = {
			isa = XCConfigurationList;
			buildConfigurations = (
				F7D09D291A6E4F3700332331 /* Debug */,
				F7D09D2A1A6E4F3700332331 /* Release */,
			);
			defaultConfigurationIsVisible = 0;
		};
/* End XCConfigurationList section */
	};
	rootObject = F7D09CFA1A6E4F3700332331 /* Project object */;
}
